
Microsoft Visual Studio Solution File, Format Version 12.00
# Visual Studio Version 17
VisualStudioVersion = 17.5.002.0
MinimumVisualStudioVersion = 10.0.40219.1
Project("{2150E333-8FDC-42A3-9474-1A3956D46DE8}") = "Capítulo 1 - Primeiros passos", "Capítulo 1 - Primeiros passos", "{62E83C7E-B29B-48A5-9D1E-E73EA7ECB564}"
EndProject
Project("{9A19103F-16F7-4668-BE54-9A1E7A4F7556}") = "1.10.1", "Capítulo 1 - Primeiros passos\1.10.1\1.10.1.csproj", "{9C2B3691-2F24-4A1C-96CB-E281A94FB5A5}"
EndProject
Project("{2150E333-8FDC-42A3-9474-1A3956D46DE8}") = "Capítulo 2 - Escrevendo os primeiros códigos", "Capítulo 2 - Escrevendo os primeiros códigos", "{EE2B4C65-3063-4FAE-99BC-A9CF00643A70}"
EndProject
Project("{9A19103F-16F7-4668-BE54-9A1E7A4F7556}") = "2.3.1", "Capítulo 2 - Escrevendo os primeiros códigos\2.3.1\2.3.1.csproj", "{24730C3F-BA11-44CE-BF71-67268C37BD9A}"
EndProject
Project("{9A19103F-16F7-4668-BE54-9A1E7A4F7556}") = "2.3.2", "Capítulo 2 - Escrevendo os primeiros códigos\2.3.2\2.3.2.csproj", "{11FF17CE-5E00-43CA-8A37-5FF5065F6B0F}"
EndProject
Project("{9A19103F-16F7-4668-BE54-9A1E7A4F7556}") = "2.4.1", "Capítulo 2 - Escrevendo os primeiros códigos\2.4.1\2.4.1.csproj", "{315107D2-278C-4E9A-B907-76506B4E4660}"
EndProject
Project("{9A19103F-16F7-4668-BE54-9A1E7A4F7556}") = "2.4.2", "Capítulo 2 - Escrevendo os primeiros códigos\2.4.2\2.4.2.csproj", "{20F1533A-8013-429F-9CEE-1664F99BBCAB}"
EndProject
Project("{9A19103F-16F7-4668-BE54-9A1E7A4F7556}") = "2.5.1", "Capítulo 2 - Escrevendo os primeiros códigos\2.5.1\2.5.1.csproj", "{5825BBEA-FB85-4543-92C1-B7C2495001E6}"
EndProject
Project("{9A19103F-16F7-4668-BE54-9A1E7A4F7556}") = "2.5.2", "Capítulo 2 - Escrevendo os primeiros códigos\2.5.2\2.5.2.csproj", "{0AEA4488-E8DB-40D8-8C39-902C73D086C7}"
EndProject
Project("{9A19103F-16F7-4668-BE54-9A1E7A4F7556}") = "2.5.3", "Capítulo 2 - Escrevendo os primeiros códigos\2.5.3\2.5.3.csproj", "{99B9D3F7-5806-4EE8-A2F7-30BED76A41DB}"
EndProject
Project("{9A19103F-16F7-4668-BE54-9A1E7A4F7556}") = "2.6.1", "Capítulo 2 - Escrevendo os primeiros códigos\2.6.1\2.6.1.csproj", "{8E04A169-8D48-4925-8FA9-17DE18EF6587}"
EndProject
Project("{9A19103F-16F7-4668-BE54-9A1E7A4F7556}") = "2.6.2", "Capítulo 2 - Escrevendo os primeiros códigos\2.6.2\2.6.2.csproj", "{13E2A35E-7AA5-4153-B0A1-07B64E5211E7}"
EndProject
Project("{9A19103F-16F7-4668-BE54-9A1E7A4F7556}") = "2.6.3", "Capítulo 2 - Escrevendo os primeiros códigos\2.6.3\2.6.3.csproj", "{8C87F984-868B-4C43-B57A-11020DD67671}"
EndProject
Project("{9A19103F-16F7-4668-BE54-9A1E7A4F7556}") = "2.7.1", "Capítulo 2 - Escrevendo os primeiros códigos\2.7.1\2.7.1.csproj", "{8830E39E-B9D8-4D02-85CE-D6B859AB42D4}"
EndProject
Project("{9A19103F-16F7-4668-BE54-9A1E7A4F7556}") = "2.7.2", "Capítulo 2 - Escrevendo os primeiros códigos\2.7.2\2.7.2.csproj", "{AFC80A74-2CAD-4D0F-8602-C8F294057774}"
EndProject
Project("{9A19103F-16F7-4668-BE54-9A1E7A4F7556}") = "2.8.1", "Capítulo 2 - Escrevendo os primeiros códigos\2.8.1\2.8.1.csproj", "{11C857E2-8D3E-455B-98D7-AEE0CFA9C233}"
EndProject
Project("{9A19103F-16F7-4668-BE54-9A1E7A4F7556}") = "2.8.2", "Capítulo 2 - Escrevendo os primeiros códigos\2.8.2\2.8.2.csproj", "{565B4248-0272-4B42-A81C-B6A2A76B1D0F}"
EndProject
Project("{2150E333-8FDC-42A3-9474-1A3956D46DE8}") = "Capítulo 3 - Tipos de Dados, Operadores e Saida de dados", "Capítulo 3 - Tipos de Dados, Operadores e Saida de dados", "{65F038BB-91EF-42C4-B9D6-A4C63A1985AA}"
EndProject
Project("{9A19103F-16F7-4668-BE54-9A1E7A4F7556}") = "3.10.1", "Capítulo 3 - Tipos de Dados, Operadores e Saida de dados\3.10.1\3.10.1.csproj", "{0F76996F-916F-4269-A1B8-6864C4A23D1E}"
EndProject
Project("{9A19103F-16F7-4668-BE54-9A1E7A4F7556}") = "3.10.2", "Capítulo 3 - Tipos de Dados, Operadores e Saida de dados\3.10.2\3.10.2.csproj", "{60CDE6CD-7E7C-4019-AD3E-4A46E4B9CFB0}"
EndProject
Project("{9A19103F-16F7-4668-BE54-9A1E7A4F7556}") = "3.11.1", "Capítulo 3 - Tipos de Dados, Operadores e Saida de dados\3.11.1\3.11.1.csproj", "{79ECCE42-7A53-4409-A22D-27B004FD1690}"
EndProject
Project("{9A19103F-16F7-4668-BE54-9A1E7A4F7556}") = "3.11.2", "Capítulo 3 - Tipos de Dados, Operadores e Saida de dados\3.11.2\3.11.2.csproj", "{C9BD6D16-9E1A-4E20-AF96-D96554251C68}"
EndProject
Project("{9A19103F-16F7-4668-BE54-9A1E7A4F7556}") = "3.11.3", "Capítulo 3 - Tipos de Dados, Operadores e Saida de dados\3.11.3\3.11.3.csproj", "{12A721B0-A6E8-424D-81F0-46EF7046689C}"
EndProject
Project("{9A19103F-16F7-4668-BE54-9A1E7A4F7556}") = "3.12.1", "Capítulo 3 - Tipos de Dados, Operadores e Saida de dados\3.12.1\3.12.1.csproj", "{B620B069-1219-43C5-91EE-49D6CD8BD953}"
EndProject
Project("{9A19103F-16F7-4668-BE54-9A1E7A4F7556}") = "3.12.2", "Capítulo 3 - Tipos de Dados, Operadores e Saida de dados\3.12.2\3.12.2.csproj", "{E01A6A7F-1B00-4F10-9EAF-59E5465E1C33}"
EndProject
Project("{9A19103F-16F7-4668-BE54-9A1E7A4F7556}") = "3.2.1", "Capítulo 3 - Tipos de Dados, Operadores e Saida de dados\3.2.1\3.2.1.csproj", "{EA4FE2A5-59EB-46A7-A009-C20460506E74}"
EndProject
Project("{9A19103F-16F7-4668-BE54-9A1E7A4F7556}") = "3.2.2", "Capítulo 3 - Tipos de Dados, Operadores e Saida de dados\3.2.2\3.2.2.csproj", "{3F14837F-7FFA-4C20-9D09-8729B29125ED}"
EndProject
Project("{9A19103F-16F7-4668-BE54-9A1E7A4F7556}") = "3.2.3", "Capítulo 3 - Tipos de Dados, Operadores e Saida de dados\3.2.3\3.2.3.csproj", "{3A1CC9A6-0566-4B57-9D75-362C93C72417}"
EndProject
Project("{9A19103F-16F7-4668-BE54-9A1E7A4F7556}") = "3.2.4", "Capítulo 3 - Tipos de Dados, Operadores e Saida de dados\3.2.4\3.2.4.csproj", "{7CF447F0-509F-4E32-BABD-5687A1510D1C}"
EndProject
Project("{9A19103F-16F7-4668-BE54-9A1E7A4F7556}") = "3.4.1", "Capítulo 3 - Tipos de Dados, Operadores e Saida de dados\3.4.1\3.4.1.csproj", "{EBB49232-C411-42BF-B233-01C502B6D99D}"
EndProject
Project("{9A19103F-16F7-4668-BE54-9A1E7A4F7556}") = "3.4.2", "Capítulo 3 - Tipos de Dados, Operadores e Saida de dados\3.4.2\3.4.2.csproj", "{597E1727-6960-4710-BAFB-FFAFC3F8EBEC}"
EndProject
Project("{9A19103F-16F7-4668-BE54-9A1E7A4F7556}") = "3.5.1", "Capítulo 3 - Tipos de Dados, Operadores e Saida de dados\3.5.1\3.5.1.csproj", "{B40B55EE-139C-42CF-9779-ADCFE4734233}"
EndProject
Project("{9A19103F-16F7-4668-BE54-9A1E7A4F7556}") = "3.6.1", "Capítulo 3 - Tipos de Dados, Operadores e Saida de dados\3.6.1\3.6.1.csproj", "{0D536BCA-B3AA-40A7-9F43-399B5086F536}"
EndProject
Project("{9A19103F-16F7-4668-BE54-9A1E7A4F7556}") = "3.6.2", "Capítulo 3 - Tipos de Dados, Operadores e Saida de dados\3.6.2\3.6.2.csproj", "{49FA02C0-11E6-4AAA-8B8E-4351C3D6D2E5}"
EndProject
Project("{9A19103F-16F7-4668-BE54-9A1E7A4F7556}") = "3.6.3", "Capítulo 3 - Tipos de Dados, Operadores e Saida de dados\3.6.3\3.6.3.csproj", "{F31D0B86-262B-4F01-89BF-5B979CFF0185}"
EndProject
Project("{9A19103F-16F7-4668-BE54-9A1E7A4F7556}") = "3.6.4", "Capítulo 3 - Tipos de Dados, Operadores e Saida de dados\3.6.4\3.6.4.csproj", "{1C451739-C939-4EBA-BCFE-4E7F00C89D1E}"
EndProject
Project("{9A19103F-16F7-4668-BE54-9A1E7A4F7556}") = "3.6.5", "Capítulo 3 - Tipos de Dados, Operadores e Saida de dados\3.6.5\3.6.5.csproj", "{D6E628BE-A73E-4837-9300-6A4625E01B58}"
EndProject
Project("{9A19103F-16F7-4668-BE54-9A1E7A4F7556}") = "3.7.1", "Capítulo 3 - Tipos de Dados, Operadores e Saida de dados\3.7.1\3.7.1.csproj", "{D08925EE-DF41-4FBA-97C1-CA0518678E86}"
EndProject
Project("{9A19103F-16F7-4668-BE54-9A1E7A4F7556}") = "3.7.2", "Capítulo 3 - Tipos de Dados, Operadores e Saida de dados\3.7.2\3.7.2.csproj", "{28AB2D93-1876-4490-B212-7BE8546A58D9}"
EndProject
Project("{9A19103F-16F7-4668-BE54-9A1E7A4F7556}") = "3.7.3", "Capítulo 3 - Tipos de Dados, Operadores e Saida de dados\3.7.3\3.7.3.csproj", "{5F99E059-03E6-4E8A-AEE5-70F56157450D}"
EndProject
Project("{9A19103F-16F7-4668-BE54-9A1E7A4F7556}") = "3.7.4", "Capítulo 3 - Tipos de Dados, Operadores e Saida de dados\3.7.4\3.7.4.csproj", "{796EA80D-C40F-4A55-902D-FA9FEB73D0E1}"
EndProject
Project("{9A19103F-16F7-4668-BE54-9A1E7A4F7556}") = "3.7.5", "Capítulo 3 - Tipos de Dados, Operadores e Saida de dados\3.7.5\3.7.5.csproj", "{E6761B84-4790-48B4-B78D-107AC866B8D1}"
EndProject
Project("{9A19103F-16F7-4668-BE54-9A1E7A4F7556}") = "3.7.6", "Capítulo 3 - Tipos de Dados, Operadores e Saida de dados\3.7.6\3.7.6.csproj", "{33EE67FB-E663-4CA0-A976-4E9D4684410A}"
EndProject
Project("{9A19103F-16F7-4668-BE54-9A1E7A4F7556}") = "3.9.1", "Capítulo 3 - Tipos de Dados, Operadores e Saida de dados\3.9.1\3.9.1.csproj", "{375788D5-39E0-4845-992C-E27913938B98}"
EndProject
Project("{9A19103F-16F7-4668-BE54-9A1E7A4F7556}") = "3.9.2", "Capítulo 3 - Tipos de Dados, Operadores e Saida de dados\3.9.2\3.9.2.csproj", "{A285C8E7-8930-41A5-9D7C-95C7C08C30E8}"
EndProject
Project("{2150E333-8FDC-42A3-9474-1A3956D46DE8}") = "Capítulo 4 - Instrução de Decisão e Repetição", "Capítulo 4 - Instrução de Decisão e Repetição", "{25301B05-463C-4987-BB58-7129DE1CABBA}"
EndProject
Project("{9A19103F-16F7-4668-BE54-9A1E7A4F7556}") = "4.1.1", "Capítulo 4 - Instrução de Decisão e Repetição\4.1.1\4.1.1.csproj", "{E6EF53D2-6F2F-4806-9B70-3AC80BE86DE5}"
EndProject
Project("{9A19103F-16F7-4668-BE54-9A1E7A4F7556}") = "4.1.2", "Capítulo 4 - Instrução de Decisão e Repetição\4.1.2\4.1.2.csproj", "{F2D3B046-1BA4-4E77-86E2-C30090328DA2}"
EndProject
Project("{9A19103F-16F7-4668-BE54-9A1E7A4F7556}") = "4.1.3", "Capítulo 4 - Instrução de Decisão e Repetição\4.1.3\4.1.3.csproj", "{0A73209A-5A57-448F-85AD-9B60B9716C12}"
EndProject
Project("{9A19103F-16F7-4668-BE54-9A1E7A4F7556}") = "4.1.4", "Capítulo 4 - Instrução de Decisão e Repetição\4.1.4\4.1.4.csproj", "{6C9D0C4A-C8FD-4EA9-AC77-EAE761A50315}"
EndProject
Project("{9A19103F-16F7-4668-BE54-9A1E7A4F7556}") = "4.2.1", "Capítulo 4 - Instrução de Decisão e Repetição\4.2.1\4.2.1.csproj", "{92CBF6D3-6175-4CDD-B09E-1A2B8D146003}"
EndProject
Project("{9A19103F-16F7-4668-BE54-9A1E7A4F7556}") = "4.3.1", "Capítulo 4 - Instrução de Decisão e Repetição\4.3.1\4.3.1.csproj", "{D2F03C01-B51C-408E-AD9B-A974E77C649E}"
EndProject
Project("{9A19103F-16F7-4668-BE54-9A1E7A4F7556}") = "4.3.2", "Capítulo 4 - Instrução de Decisão e Repetição\4.3.2\4.3.2.csproj", "{428CF663-6302-4B43-A67D-6D8EEBD08B71}"
EndProject
Project("{9A19103F-16F7-4668-BE54-9A1E7A4F7556}") = "4.3.3", "Capítulo 4 - Instrução de Decisão e Repetição\4.3.3\4.3.3.csproj", "{E1C29AE2-DC6F-49C8-9D33-D6A7237EB496}"
EndProject
Project("{9A19103F-16F7-4668-BE54-9A1E7A4F7556}") = "4.4.1", "Capítulo 4 - Instrução de Decisão e Repetição\4.4.1\4.4.1.csproj", "{F26E6558-B242-4101-B330-FD0E32FAD0BB}"
EndProject
Project("{9A19103F-16F7-4668-BE54-9A1E7A4F7556}") = "4.4.2", "Capítulo 4 - Instrução de Decisão e Repetição\4.4.2\4.4.2.csproj", "{59B16282-9711-4F81-842B-D50094A4C6D6}"
EndProject
Project("{9A19103F-16F7-4668-BE54-9A1E7A4F7556}") = "4.5.2", "Capítulo 4 - Instrução de Decisão e Repetição\4.5.1\4.5.2.csproj", "{C86B526C-E70D-4113-AB06-DCC62E1E9ADF}"
EndProject
Project("{9A19103F-16F7-4668-BE54-9A1E7A4F7556}") = "4.6.1", "Capítulo 4 - Instrução de Decisão e Repetição\4.6.1\4.6.1.csproj", "{D760A799-0F2E-47C3-A3DA-F298927C6E55}"
EndProject
Project("{9A19103F-16F7-4668-BE54-9A1E7A4F7556}") = "4.7.1", "Capítulo 4 - Instrução de Decisão e Repetição\4.7.1\4.7.1.csproj", "{8C60769B-2B79-4A40-891A-2B647D51E7F2}"
EndProject
Project("{2150E333-8FDC-42A3-9474-1A3956D46DE8}") = "Capítulo 5 - Vetores e Matrizes", "Capítulo 5 - Vetores e Matrizes", "{1A0C893E-CE28-4E00-97DF-98497FD92647}"
EndProject
Project("{9A19103F-16F7-4668-BE54-9A1E7A4F7556}") = "5.1.1", "Capítulo 5 - Vetores e Matrizes\5.1.1\5.1.1.csproj", "{F803515B-8899-4046-ADDB-A96B7BB24A6C}"
EndProject
Project("{9A19103F-16F7-4668-BE54-9A1E7A4F7556}") = "5.1.2", "Capítulo 5 - Vetores e Matrizes\5.1.2\5.1.2.csproj", "{67D7DC2F-EC29-491C-A9EC-A26994ACE223}"
EndProject
Project("{9A19103F-16F7-4668-BE54-9A1E7A4F7556}") = "5.1.3", "Capítulo 5 - Vetores e Matrizes\5.1.3\5.1.3.csproj", "{B0A21F9B-9B19-4A6B-9DC7-8DFC3EF4C3BC}"
EndProject
Project("{9A19103F-16F7-4668-BE54-9A1E7A4F7556}") = "5.1.4", "Capítulo 5 - Vetores e Matrizes\5.1.4\5.1.4.csproj", "{73BABEE3-53CD-4261-B234-E27EE590BD0E}"
EndProject
Project("{9A19103F-16F7-4668-BE54-9A1E7A4F7556}") = "5.1.5", "Capítulo 5 - Vetores e Matrizes\5.1.5\5.1.5.csproj", "{6CC2998A-0B87-4093-8AD4-3F9A64132421}"
EndProject
Project("{9A19103F-16F7-4668-BE54-9A1E7A4F7556}") = "5.1.6", "Capítulo 5 - Vetores e Matrizes\5.1.6\5.1.6.csproj", "{25A1D030-7EDA-4A83-928D-96A3CD4EB69D}"
EndProject
Project("{9A19103F-16F7-4668-BE54-9A1E7A4F7556}") = "5.2.1", "Capítulo 5 - Vetores e Matrizes\5.2.1\5.2.1.csproj", "{CBEB15B6-4422-45F0-AEE1-3B01DF96E7BB}"
EndProject
Project("{9A19103F-16F7-4668-BE54-9A1E7A4F7556}") = "5.2.2", "Capítulo 5 - Vetores e Matrizes\5.2.2\5.2.2.csproj", "{FC19D45D-630C-4716-807B-F299268F4408}"
EndProject
Project("{9A19103F-16F7-4668-BE54-9A1E7A4F7556}") = "5.2.3", "Capítulo 5 - Vetores e Matrizes\5.2.3\5.2.3.csproj", "{58A1ED79-B0C0-496C-A934-069DDCF0FA80}"
EndProject
Project("{9A19103F-16F7-4668-BE54-9A1E7A4F7556}") = "5.2.4", "Capítulo 5 - Vetores e Matrizes\5.2.4\5.2.4.csproj", "{4616CD82-893B-4C6F-9B9F-A1BD289098ED}"
EndProject
Project("{9A19103F-16F7-4668-BE54-9A1E7A4F7556}") = "5.2.5", "Capítulo 5 - Vetores e Matrizes\5.2.5\5.2.5.csproj", "{A7976B8D-C64C-4FF4-9F47-417A3A4C7F5B}"
EndProject
Project("{9A19103F-16F7-4668-BE54-9A1E7A4F7556}") = "5.2.6", "Capítulo 5 - Vetores e Matrizes\5.2.6\5.2.6.csproj", "{20896BAD-7430-4A5B-A4A8-19E4800485B1}"
EndProject
Project("{9A19103F-16F7-4668-BE54-9A1E7A4F7556}") = "5.3.1", "Capítulo 5 - Vetores e Matrizes\5.3.1\5.3.1.csproj", "{75132EBF-A8A5-4A99-8934-C6FF37E38E25}"
EndProject
Project("{9A19103F-16F7-4668-BE54-9A1E7A4F7556}") = "5.3.2", "Capítulo 5 - Vetores e Matrizes\5.3.2\5.3.2.csproj", "{2A803FEB-300E-43FD-8025-B0D0564745FA}"
EndProject
Project("{9A19103F-16F7-4668-BE54-9A1E7A4F7556}") = "5.3.3", "Capítulo 5 - Vetores e Matrizes\5.3.3\5.3.3.csproj", "{807EBA4B-3012-4665-A90E-2876F5CAFD24}"
EndProject
Project("{9A19103F-16F7-4668-BE54-9A1E7A4F7556}") = "5.3.4", "Capítulo 5 - Vetores e Matrizes\5.3.4\5.3.4.csproj", "{E6B648BA-9263-4614-AD29-24897098F0B2}"
EndProject
Project("{9A19103F-16F7-4668-BE54-9A1E7A4F7556}") = "5.3.5", "Capítulo 5 - Vetores e Matrizes\5.3.5\5.3.5.csproj", "{38681554-08EB-4222-B26B-5C701A13DE50}"
EndProject
Project("{9A19103F-16F7-4668-BE54-9A1E7A4F7556}") = "5.4.1", "Capítulo 5 - Vetores e Matrizes\5.4.1\5.4.1.csproj", "{8A34D7CF-732C-452B-9497-EA55AF716881}"
EndProject
Project("{9A19103F-16F7-4668-BE54-9A1E7A4F7556}") = "5.5.1", "Capítulo 5 - Vetores e Matrizes\5.5.1\5.5.1.csproj", "{19C76461-0B41-4843-88BF-E9E7FE8A1258}"
EndProject
Project("{9A19103F-16F7-4668-BE54-9A1E7A4F7556}") = "5.5.2", "Capítulo 5 - Vetores e Matrizes\5.5.2\5.5.2.csproj", "{E931B339-22ED-4530-9B17-53626E40C733}"
EndProject
Project("{9A19103F-16F7-4668-BE54-9A1E7A4F7556}") = "5.5.3", "Capítulo 5 - Vetores e Matrizes\5.5.3\5.5.3.csproj", "{39126B11-4929-4335-94BC-E7212B8DDDB6}"
EndProject
Project("{9A19103F-16F7-4668-BE54-9A1E7A4F7556}") = "5.6.1", "Capítulo 5 - Vetores e Matrizes\5.6.1\5.6.1.csproj", "{2F08786B-F14F-46E3-BEB5-08543A6801A8}"
EndProject
Project("{9A19103F-16F7-4668-BE54-9A1E7A4F7556}") = "5.6.2", "Capítulo 5 - Vetores e Matrizes\5.6.2\5.6.2.csproj", "{6F247EB4-8C41-489B-B333-3E517CFB5FA7}"
EndProject
Project("{9A19103F-16F7-4668-BE54-9A1E7A4F7556}") = "5.6.3", "Capítulo 5 - Vetores e Matrizes\5.6.3\5.6.3.csproj", "{9365DE70-F5FC-499B-AB4B-12D85CA57332}"
EndProject
Project("{9A19103F-16F7-4668-BE54-9A1E7A4F7556}") = "5.7.1", "Capítulo 5 - Vetores e Matrizes\5.7.1\5.7.1.csproj", "{F71D144E-D575-4B5E-B052-267A5897D303}"
EndProject
Project("{9A19103F-16F7-4668-BE54-9A1E7A4F7556}") = "5.7.2", "Capítulo 5 - Vetores e Matrizes\5.7.2\5.7.2.csproj", "{8943805F-5601-42D4-94F5-1F6BF64942B6}"
EndProject
Project("{2150E333-8FDC-42A3-9474-1A3956D46DE8}") = "Desafios", "Desafios", "{BBA7F920-2B6D-41B6-82E1-6AFDF43BB5DC}"
EndProject
Project("{9A19103F-16F7-4668-BE54-9A1E7A4F7556}") = "1", "Capítulo 2 - Escrevendo os primeiros códigos\Desafios\1\1.csproj", "{0F976459-3750-4331-9A04-9C35CF48C4FB}"
EndProject
Project("{9A19103F-16F7-4668-BE54-9A1E7A4F7556}") = "2", "Capítulo 2 - Escrevendo os primeiros códigos\Desafios\2\2.csproj", "{CE2C214D-75B0-4489-828A-C7721D54D384}"
EndProject
Project("{9A19103F-16F7-4668-BE54-9A1E7A4F7556}") = "3", "Capítulo 2 - Escrevendo os primeiros códigos\Desafios\3\3.csproj", "{C0C3E90B-292C-4647-B96D-ED5A3280CE12}"
EndProject
Project("{9A19103F-16F7-4668-BE54-9A1E7A4F7556}") = "4", "Capítulo 2 - Escrevendo os primeiros códigos\Desafios\4\4.csproj", "{1A71CDDF-1C2A-41B8-8F0A-FA2F4EBFF9C2}"
EndProject
Project("{9A19103F-16F7-4668-BE54-9A1E7A4F7556}") = "5", "Capítulo 2 - Escrevendo os primeiros códigos\Desafios\5\5.csproj", "{956AE8B7-22CB-4393-8583-7A53B2234457}"
EndProject
Project("{9A19103F-16F7-4668-BE54-9A1E7A4F7556}") = "6", "Capítulo 2 - Escrevendo os primeiros códigos\Desafios\6\6.csproj", "{7F98BE55-6C2B-4A36-8A75-1F6E5C111408}"
EndProject
Project("{2150E333-8FDC-42A3-9474-1A3956D46DE8}") = "Desafios", "Desafios", "{EC6383D1-44EA-481E-8796-754AFB37F9C3}"
EndProject
Project("{9A19103F-16F7-4668-BE54-9A1E7A4F7556}") = "1", "Capítulo 3 - Tipos de Dados, Operadores e Saida de dados\Desafios\1\1.csproj", "{61C3A4F1-F167-40F1-AC90-1092FAA90711}"
EndProject
Project("{9A19103F-16F7-4668-BE54-9A1E7A4F7556}") = "2", "Capítulo 3 - Tipos de Dados, Operadores e Saida de dados\Desafios\2\2.csproj", "{D908A9A3-51F6-401D-ACB2-62A7C2D64F6E}"
EndProject
Project("{9A19103F-16F7-4668-BE54-9A1E7A4F7556}") = "3", "Capítulo 3 - Tipos de Dados, Operadores e Saida de dados\Desafios\3\3.csproj", "{4AD1A364-5E02-4AD0-A4C3-13CE946378A3}"
EndProject
Project("{9A19103F-16F7-4668-BE54-9A1E7A4F7556}") = "4", "Capítulo 3 - Tipos de Dados, Operadores e Saida de dados\Desafios\4\4.csproj", "{3D7D2474-52F7-4B41-B4DF-F4EAA513B394}"
EndProject
Project("{9A19103F-16F7-4668-BE54-9A1E7A4F7556}") = "5", "Capítulo 3 - Tipos de Dados, Operadores e Saida de dados\Desafios\5\5.csproj", "{23D07FA3-F5B1-4166-BA44-42259173681B}"
EndProject
Project("{2150E333-8FDC-42A3-9474-1A3956D46DE8}") = "Desafios", "Desafios", "{64B4ADF5-D195-439B-92B0-99E11C0CF5EC}"
EndProject
Project("{9A19103F-16F7-4668-BE54-9A1E7A4F7556}") = "1", "Capítulo 4 - Instrução de Decisão e Repetição\Desafios\1\1.csproj", "{340BF223-9A29-45FD-99A1-C33861FBC846}"
EndProject
Project("{9A19103F-16F7-4668-BE54-9A1E7A4F7556}") = "2", "Capítulo 4 - Instrução de Decisão e Repetição\Desafios\2\2.csproj", "{937236D8-D306-4EE8-A38E-6A687481BA35}"
EndProject
Project("{9A19103F-16F7-4668-BE54-9A1E7A4F7556}") = "3", "Capítulo 4 - Instrução de Decisão e Repetição\Desafios\3\3.csproj", "{2DCCE1D1-58EE-4BB3-8D53-8084E2C1D8C4}"
EndProject
Project("{9A19103F-16F7-4668-BE54-9A1E7A4F7556}") = "4", "Capítulo 4 - Instrução de Decisão e Repetição\Desafios\4\4.csproj", "{B5346B2C-9951-4011-9A10-CC239C0C9FD5}"
EndProject
Project("{9A19103F-16F7-4668-BE54-9A1E7A4F7556}") = "5", "Capítulo 4 - Instrução de Decisão e Repetição\Desafios\5\5.csproj", "{2440864F-59F5-4A3F-849A-597889D22F7A}"
EndProject
Project("{2150E333-8FDC-42A3-9474-1A3956D46DE8}") = "Desafios", "Desafios", "{167EB7F5-07C7-4F38-B6EA-092743E08E6E}"
EndProject
Project("{9A19103F-16F7-4668-BE54-9A1E7A4F7556}") = "1", "Capítulo 5 - Vetores e Matrizes\Desafios\1\1.csproj", "{174F4096-C364-40F8-B2D3-80883FA42519}"
EndProject
Project("{9A19103F-16F7-4668-BE54-9A1E7A4F7556}") = "2", "Capítulo 5 - Vetores e Matrizes\Desafios\2\2.csproj", "{38FF5FC0-ADDF-4BFE-B84A-6A7A78084F0D}"
EndProject
Project("{9A19103F-16F7-4668-BE54-9A1E7A4F7556}") = "3", "Capítulo 5 - Vetores e Matrizes\Desafios\3\3.csproj", "{36285FF7-0944-4330-8343-E0EA5935617E}"
EndProject
Project("{9A19103F-16F7-4668-BE54-9A1E7A4F7556}") = "4", "Capítulo 5 - Vetores e Matrizes\Desafios\4\4.csproj", "{1003F903-AAE1-41E8-B5E1-9644DA00C434}"
EndProject
Global
	GlobalSection(SolutionConfigurationPlatforms) = preSolution
		Debug|Any CPU = Debug|Any CPU
		Release|Any CPU = Release|Any CPU
	EndGlobalSection
	GlobalSection(ProjectConfigurationPlatforms) = postSolution
		{9C2B3691-2F24-4A1C-96CB-E281A94FB5A5}.Debug|Any CPU.ActiveCfg = Debug|Any CPU
		{9C2B3691-2F24-4A1C-96CB-E281A94FB5A5}.Debug|Any CPU.Build.0 = Debug|Any CPU
		{9C2B3691-2F24-4A1C-96CB-E281A94FB5A5}.Release|Any CPU.ActiveCfg = Release|Any CPU
		{9C2B3691-2F24-4A1C-96CB-E281A94FB5A5}.Release|Any CPU.Build.0 = Release|Any CPU
		{24730C3F-BA11-44CE-BF71-67268C37BD9A}.Debug|Any CPU.ActiveCfg = Debug|Any CPU
		{24730C3F-BA11-44CE-BF71-67268C37BD9A}.Debug|Any CPU.Build.0 = Debug|Any CPU
		{24730C3F-BA11-44CE-BF71-67268C37BD9A}.Release|Any CPU.ActiveCfg = Release|Any CPU
		{24730C3F-BA11-44CE-BF71-67268C37BD9A}.Release|Any CPU.Build.0 = Release|Any CPU
		{11FF17CE-5E00-43CA-8A37-5FF5065F6B0F}.Debug|Any CPU.ActiveCfg = Debug|Any CPU
		{11FF17CE-5E00-43CA-8A37-5FF5065F6B0F}.Debug|Any CPU.Build.0 = Debug|Any CPU
		{11FF17CE-5E00-43CA-8A37-5FF5065F6B0F}.Release|Any CPU.ActiveCfg = Release|Any CPU
		{11FF17CE-5E00-43CA-8A37-5FF5065F6B0F}.Release|Any CPU.Build.0 = Release|Any CPU
		{315107D2-278C-4E9A-B907-76506B4E4660}.Debug|Any CPU.ActiveCfg = Debug|Any CPU
		{315107D2-278C-4E9A-B907-76506B4E4660}.Debug|Any CPU.Build.0 = Debug|Any CPU
		{315107D2-278C-4E9A-B907-76506B4E4660}.Release|Any CPU.ActiveCfg = Release|Any CPU
		{315107D2-278C-4E9A-B907-76506B4E4660}.Release|Any CPU.Build.0 = Release|Any CPU
		{20F1533A-8013-429F-9CEE-1664F99BBCAB}.Debug|Any CPU.ActiveCfg = Debug|Any CPU
		{20F1533A-8013-429F-9CEE-1664F99BBCAB}.Debug|Any CPU.Build.0 = Debug|Any CPU
		{20F1533A-8013-429F-9CEE-1664F99BBCAB}.Release|Any CPU.ActiveCfg = Release|Any CPU
		{20F1533A-8013-429F-9CEE-1664F99BBCAB}.Release|Any CPU.Build.0 = Release|Any CPU
		{5825BBEA-FB85-4543-92C1-B7C2495001E6}.Debug|Any CPU.ActiveCfg = Debug|Any CPU
		{5825BBEA-FB85-4543-92C1-B7C2495001E6}.Debug|Any CPU.Build.0 = Debug|Any CPU
		{5825BBEA-FB85-4543-92C1-B7C2495001E6}.Release|Any CPU.ActiveCfg = Release|Any CPU
		{5825BBEA-FB85-4543-92C1-B7C2495001E6}.Release|Any CPU.Build.0 = Release|Any CPU
		{0AEA4488-E8DB-40D8-8C39-902C73D086C7}.Debug|Any CPU.ActiveCfg = Debug|Any CPU
		{0AEA4488-E8DB-40D8-8C39-902C73D086C7}.Debug|Any CPU.Build.0 = Debug|Any CPU
		{0AEA4488-E8DB-40D8-8C39-902C73D086C7}.Release|Any CPU.ActiveCfg = Release|Any CPU
		{0AEA4488-E8DB-40D8-8C39-902C73D086C7}.Release|Any CPU.Build.0 = Release|Any CPU
		{99B9D3F7-5806-4EE8-A2F7-30BED76A41DB}.Debug|Any CPU.ActiveCfg = Debug|Any CPU
		{99B9D3F7-5806-4EE8-A2F7-30BED76A41DB}.Debug|Any CPU.Build.0 = Debug|Any CPU
		{99B9D3F7-5806-4EE8-A2F7-30BED76A41DB}.Release|Any CPU.ActiveCfg = Release|Any CPU
		{99B9D3F7-5806-4EE8-A2F7-30BED76A41DB}.Release|Any CPU.Build.0 = Release|Any CPU
		{8E04A169-8D48-4925-8FA9-17DE18EF6587}.Debug|Any CPU.ActiveCfg = Debug|Any CPU
		{8E04A169-8D48-4925-8FA9-17DE18EF6587}.Debug|Any CPU.Build.0 = Debug|Any CPU
		{8E04A169-8D48-4925-8FA9-17DE18EF6587}.Release|Any CPU.ActiveCfg = Release|Any CPU
		{8E04A169-8D48-4925-8FA9-17DE18EF6587}.Release|Any CPU.Build.0 = Release|Any CPU
		{13E2A35E-7AA5-4153-B0A1-07B64E5211E7}.Debug|Any CPU.ActiveCfg = Debug|Any CPU
		{13E2A35E-7AA5-4153-B0A1-07B64E5211E7}.Debug|Any CPU.Build.0 = Debug|Any CPU
		{13E2A35E-7AA5-4153-B0A1-07B64E5211E7}.Release|Any CPU.ActiveCfg = Release|Any CPU
		{13E2A35E-7AA5-4153-B0A1-07B64E5211E7}.Release|Any CPU.Build.0 = Release|Any CPU
		{8C87F984-868B-4C43-B57A-11020DD67671}.Debug|Any CPU.ActiveCfg = Debug|Any CPU
		{8C87F984-868B-4C43-B57A-11020DD67671}.Debug|Any CPU.Build.0 = Debug|Any CPU
		{8C87F984-868B-4C43-B57A-11020DD67671}.Release|Any CPU.ActiveCfg = Release|Any CPU
		{8C87F984-868B-4C43-B57A-11020DD67671}.Release|Any CPU.Build.0 = Release|Any CPU
		{8830E39E-B9D8-4D02-85CE-D6B859AB42D4}.Debug|Any CPU.ActiveCfg = Debug|Any CPU
		{8830E39E-B9D8-4D02-85CE-D6B859AB42D4}.Debug|Any CPU.Build.0 = Debug|Any CPU
		{8830E39E-B9D8-4D02-85CE-D6B859AB42D4}.Release|Any CPU.ActiveCfg = Release|Any CPU
		{8830E39E-B9D8-4D02-85CE-D6B859AB42D4}.Release|Any CPU.Build.0 = Release|Any CPU
		{AFC80A74-2CAD-4D0F-8602-C8F294057774}.Debug|Any CPU.ActiveCfg = Debug|Any CPU
		{AFC80A74-2CAD-4D0F-8602-C8F294057774}.Debug|Any CPU.Build.0 = Debug|Any CPU
		{AFC80A74-2CAD-4D0F-8602-C8F294057774}.Release|Any CPU.ActiveCfg = Release|Any CPU
		{AFC80A74-2CAD-4D0F-8602-C8F294057774}.Release|Any CPU.Build.0 = Release|Any CPU
		{11C857E2-8D3E-455B-98D7-AEE0CFA9C233}.Debug|Any CPU.ActiveCfg = Debug|Any CPU
		{11C857E2-8D3E-455B-98D7-AEE0CFA9C233}.Debug|Any CPU.Build.0 = Debug|Any CPU
		{11C857E2-8D3E-455B-98D7-AEE0CFA9C233}.Release|Any CPU.ActiveCfg = Release|Any CPU
		{11C857E2-8D3E-455B-98D7-AEE0CFA9C233}.Release|Any CPU.Build.0 = Release|Any CPU
		{565B4248-0272-4B42-A81C-B6A2A76B1D0F}.Debug|Any CPU.ActiveCfg = Debug|Any CPU
		{565B4248-0272-4B42-A81C-B6A2A76B1D0F}.Debug|Any CPU.Build.0 = Debug|Any CPU
		{565B4248-0272-4B42-A81C-B6A2A76B1D0F}.Release|Any CPU.ActiveCfg = Release|Any CPU
		{565B4248-0272-4B42-A81C-B6A2A76B1D0F}.Release|Any CPU.Build.0 = Release|Any CPU
		{0F76996F-916F-4269-A1B8-6864C4A23D1E}.Debug|Any CPU.ActiveCfg = Debug|Any CPU
		{0F76996F-916F-4269-A1B8-6864C4A23D1E}.Debug|Any CPU.Build.0 = Debug|Any CPU
		{0F76996F-916F-4269-A1B8-6864C4A23D1E}.Release|Any CPU.ActiveCfg = Release|Any CPU
		{0F76996F-916F-4269-A1B8-6864C4A23D1E}.Release|Any CPU.Build.0 = Release|Any CPU
		{60CDE6CD-7E7C-4019-AD3E-4A46E4B9CFB0}.Debug|Any CPU.ActiveCfg = Debug|Any CPU
		{60CDE6CD-7E7C-4019-AD3E-4A46E4B9CFB0}.Debug|Any CPU.Build.0 = Debug|Any CPU
		{60CDE6CD-7E7C-4019-AD3E-4A46E4B9CFB0}.Release|Any CPU.ActiveCfg = Release|Any CPU
		{60CDE6CD-7E7C-4019-AD3E-4A46E4B9CFB0}.Release|Any CPU.Build.0 = Release|Any CPU
		{79ECCE42-7A53-4409-A22D-27B004FD1690}.Debug|Any CPU.ActiveCfg = Debug|Any CPU
		{79ECCE42-7A53-4409-A22D-27B004FD1690}.Debug|Any CPU.Build.0 = Debug|Any CPU
		{79ECCE42-7A53-4409-A22D-27B004FD1690}.Release|Any CPU.ActiveCfg = Release|Any CPU
		{79ECCE42-7A53-4409-A22D-27B004FD1690}.Release|Any CPU.Build.0 = Release|Any CPU
		{C9BD6D16-9E1A-4E20-AF96-D96554251C68}.Debug|Any CPU.ActiveCfg = Debug|Any CPU
		{C9BD6D16-9E1A-4E20-AF96-D96554251C68}.Debug|Any CPU.Build.0 = Debug|Any CPU
		{C9BD6D16-9E1A-4E20-AF96-D96554251C68}.Release|Any CPU.ActiveCfg = Release|Any CPU
		{C9BD6D16-9E1A-4E20-AF96-D96554251C68}.Release|Any CPU.Build.0 = Release|Any CPU
		{12A721B0-A6E8-424D-81F0-46EF7046689C}.Debug|Any CPU.ActiveCfg = Debug|Any CPU
		{12A721B0-A6E8-424D-81F0-46EF7046689C}.Debug|Any CPU.Build.0 = Debug|Any CPU
		{12A721B0-A6E8-424D-81F0-46EF7046689C}.Release|Any CPU.ActiveCfg = Release|Any CPU
		{12A721B0-A6E8-424D-81F0-46EF7046689C}.Release|Any CPU.Build.0 = Release|Any CPU
		{B620B069-1219-43C5-91EE-49D6CD8BD953}.Debug|Any CPU.ActiveCfg = Debug|Any CPU
		{B620B069-1219-43C5-91EE-49D6CD8BD953}.Debug|Any CPU.Build.0 = Debug|Any CPU
		{B620B069-1219-43C5-91EE-49D6CD8BD953}.Release|Any CPU.ActiveCfg = Release|Any CPU
		{B620B069-1219-43C5-91EE-49D6CD8BD953}.Release|Any CPU.Build.0 = Release|Any CPU
		{E01A6A7F-1B00-4F10-9EAF-59E5465E1C33}.Debug|Any CPU.ActiveCfg = Debug|Any CPU
		{E01A6A7F-1B00-4F10-9EAF-59E5465E1C33}.Debug|Any CPU.Build.0 = Debug|Any CPU
		{E01A6A7F-1B00-4F10-9EAF-59E5465E1C33}.Release|Any CPU.ActiveCfg = Release|Any CPU
		{E01A6A7F-1B00-4F10-9EAF-59E5465E1C33}.Release|Any CPU.Build.0 = Release|Any CPU
		{EA4FE2A5-59EB-46A7-A009-C20460506E74}.Debug|Any CPU.ActiveCfg = Debug|Any CPU
		{EA4FE2A5-59EB-46A7-A009-C20460506E74}.Debug|Any CPU.Build.0 = Debug|Any CPU
		{EA4FE2A5-59EB-46A7-A009-C20460506E74}.Release|Any CPU.ActiveCfg = Release|Any CPU
		{EA4FE2A5-59EB-46A7-A009-C20460506E74}.Release|Any CPU.Build.0 = Release|Any CPU
		{3F14837F-7FFA-4C20-9D09-8729B29125ED}.Debug|Any CPU.ActiveCfg = Debug|Any CPU
		{3F14837F-7FFA-4C20-9D09-8729B29125ED}.Debug|Any CPU.Build.0 = Debug|Any CPU
		{3F14837F-7FFA-4C20-9D09-8729B29125ED}.Release|Any CPU.ActiveCfg = Release|Any CPU
		{3F14837F-7FFA-4C20-9D09-8729B29125ED}.Release|Any CPU.Build.0 = Release|Any CPU
		{3A1CC9A6-0566-4B57-9D75-362C93C72417}.Debug|Any CPU.ActiveCfg = Debug|Any CPU
		{3A1CC9A6-0566-4B57-9D75-362C93C72417}.Debug|Any CPU.Build.0 = Debug|Any CPU
		{3A1CC9A6-0566-4B57-9D75-362C93C72417}.Release|Any CPU.ActiveCfg = Release|Any CPU
		{3A1CC9A6-0566-4B57-9D75-362C93C72417}.Release|Any CPU.Build.0 = Release|Any CPU
		{7CF447F0-509F-4E32-BABD-5687A1510D1C}.Debug|Any CPU.ActiveCfg = Debug|Any CPU
		{7CF447F0-509F-4E32-BABD-5687A1510D1C}.Debug|Any CPU.Build.0 = Debug|Any CPU
		{7CF447F0-509F-4E32-BABD-5687A1510D1C}.Release|Any CPU.ActiveCfg = Release|Any CPU
		{7CF447F0-509F-4E32-BABD-5687A1510D1C}.Release|Any CPU.Build.0 = Release|Any CPU
		{EBB49232-C411-42BF-B233-01C502B6D99D}.Debug|Any CPU.ActiveCfg = Debug|Any CPU
		{EBB49232-C411-42BF-B233-01C502B6D99D}.Debug|Any CPU.Build.0 = Debug|Any CPU
		{EBB49232-C411-42BF-B233-01C502B6D99D}.Release|Any CPU.ActiveCfg = Release|Any CPU
		{EBB49232-C411-42BF-B233-01C502B6D99D}.Release|Any CPU.Build.0 = Release|Any CPU
		{597E1727-6960-4710-BAFB-FFAFC3F8EBEC}.Debug|Any CPU.ActiveCfg = Debug|Any CPU
		{597E1727-6960-4710-BAFB-FFAFC3F8EBEC}.Debug|Any CPU.Build.0 = Debug|Any CPU
		{597E1727-6960-4710-BAFB-FFAFC3F8EBEC}.Release|Any CPU.ActiveCfg = Release|Any CPU
		{597E1727-6960-4710-BAFB-FFAFC3F8EBEC}.Release|Any CPU.Build.0 = Release|Any CPU
		{B40B55EE-139C-42CF-9779-ADCFE4734233}.Debug|Any CPU.ActiveCfg = Debug|Any CPU
		{B40B55EE-139C-42CF-9779-ADCFE4734233}.Debug|Any CPU.Build.0 = Debug|Any CPU
		{B40B55EE-139C-42CF-9779-ADCFE4734233}.Release|Any CPU.ActiveCfg = Release|Any CPU
		{B40B55EE-139C-42CF-9779-ADCFE4734233}.Release|Any CPU.Build.0 = Release|Any CPU
		{0D536BCA-B3AA-40A7-9F43-399B5086F536}.Debug|Any CPU.ActiveCfg = Debug|Any CPU
		{0D536BCA-B3AA-40A7-9F43-399B5086F536}.Debug|Any CPU.Build.0 = Debug|Any CPU
		{0D536BCA-B3AA-40A7-9F43-399B5086F536}.Release|Any CPU.ActiveCfg = Release|Any CPU
		{0D536BCA-B3AA-40A7-9F43-399B5086F536}.Release|Any CPU.Build.0 = Release|Any CPU
		{49FA02C0-11E6-4AAA-8B8E-4351C3D6D2E5}.Debug|Any CPU.ActiveCfg = Debug|Any CPU
		{49FA02C0-11E6-4AAA-8B8E-4351C3D6D2E5}.Debug|Any CPU.Build.0 = Debug|Any CPU
		{49FA02C0-11E6-4AAA-8B8E-4351C3D6D2E5}.Release|Any CPU.ActiveCfg = Release|Any CPU
		{49FA02C0-11E6-4AAA-8B8E-4351C3D6D2E5}.Release|Any CPU.Build.0 = Release|Any CPU
		{F31D0B86-262B-4F01-89BF-5B979CFF0185}.Debug|Any CPU.ActiveCfg = Debug|Any CPU
		{F31D0B86-262B-4F01-89BF-5B979CFF0185}.Debug|Any CPU.Build.0 = Debug|Any CPU
		{F31D0B86-262B-4F01-89BF-5B979CFF0185}.Release|Any CPU.ActiveCfg = Release|Any CPU
		{F31D0B86-262B-4F01-89BF-5B979CFF0185}.Release|Any CPU.Build.0 = Release|Any CPU
		{1C451739-C939-4EBA-BCFE-4E7F00C89D1E}.Debug|Any CPU.ActiveCfg = Debug|Any CPU
		{1C451739-C939-4EBA-BCFE-4E7F00C89D1E}.Debug|Any CPU.Build.0 = Debug|Any CPU
		{1C451739-C939-4EBA-BCFE-4E7F00C89D1E}.Release|Any CPU.ActiveCfg = Release|Any CPU
		{1C451739-C939-4EBA-BCFE-4E7F00C89D1E}.Release|Any CPU.Build.0 = Release|Any CPU
		{D6E628BE-A73E-4837-9300-6A4625E01B58}.Debug|Any CPU.ActiveCfg = Debug|Any CPU
		{D6E628BE-A73E-4837-9300-6A4625E01B58}.Debug|Any CPU.Build.0 = Debug|Any CPU
		{D6E628BE-A73E-4837-9300-6A4625E01B58}.Release|Any CPU.ActiveCfg = Release|Any CPU
		{D6E628BE-A73E-4837-9300-6A4625E01B58}.Release|Any CPU.Build.0 = Release|Any CPU
		{D08925EE-DF41-4FBA-97C1-CA0518678E86}.Debug|Any CPU.ActiveCfg = Debug|Any CPU
		{D08925EE-DF41-4FBA-97C1-CA0518678E86}.Debug|Any CPU.Build.0 = Debug|Any CPU
		{D08925EE-DF41-4FBA-97C1-CA0518678E86}.Release|Any CPU.ActiveCfg = Release|Any CPU
		{D08925EE-DF41-4FBA-97C1-CA0518678E86}.Release|Any CPU.Build.0 = Release|Any CPU
		{28AB2D93-1876-4490-B212-7BE8546A58D9}.Debug|Any CPU.ActiveCfg = Debug|Any CPU
		{28AB2D93-1876-4490-B212-7BE8546A58D9}.Debug|Any CPU.Build.0 = Debug|Any CPU
		{28AB2D93-1876-4490-B212-7BE8546A58D9}.Release|Any CPU.ActiveCfg = Release|Any CPU
		{28AB2D93-1876-4490-B212-7BE8546A58D9}.Release|Any CPU.Build.0 = Release|Any CPU
		{5F99E059-03E6-4E8A-AEE5-70F56157450D}.Debug|Any CPU.ActiveCfg = Debug|Any CPU
		{5F99E059-03E6-4E8A-AEE5-70F56157450D}.Debug|Any CPU.Build.0 = Debug|Any CPU
		{5F99E059-03E6-4E8A-AEE5-70F56157450D}.Release|Any CPU.ActiveCfg = Release|Any CPU
		{5F99E059-03E6-4E8A-AEE5-70F56157450D}.Release|Any CPU.Build.0 = Release|Any CPU
		{796EA80D-C40F-4A55-902D-FA9FEB73D0E1}.Debug|Any CPU.ActiveCfg = Debug|Any CPU
		{796EA80D-C40F-4A55-902D-FA9FEB73D0E1}.Debug|Any CPU.Build.0 = Debug|Any CPU
		{796EA80D-C40F-4A55-902D-FA9FEB73D0E1}.Release|Any CPU.ActiveCfg = Release|Any CPU
		{796EA80D-C40F-4A55-902D-FA9FEB73D0E1}.Release|Any CPU.Build.0 = Release|Any CPU
		{E6761B84-4790-48B4-B78D-107AC866B8D1}.Debug|Any CPU.ActiveCfg = Debug|Any CPU
		{E6761B84-4790-48B4-B78D-107AC866B8D1}.Debug|Any CPU.Build.0 = Debug|Any CPU
		{E6761B84-4790-48B4-B78D-107AC866B8D1}.Release|Any CPU.ActiveCfg = Release|Any CPU
		{E6761B84-4790-48B4-B78D-107AC866B8D1}.Release|Any CPU.Build.0 = Release|Any CPU
		{33EE67FB-E663-4CA0-A976-4E9D4684410A}.Debug|Any CPU.ActiveCfg = Debug|Any CPU
		{33EE67FB-E663-4CA0-A976-4E9D4684410A}.Debug|Any CPU.Build.0 = Debug|Any CPU
		{33EE67FB-E663-4CA0-A976-4E9D4684410A}.Release|Any CPU.ActiveCfg = Release|Any CPU
		{33EE67FB-E663-4CA0-A976-4E9D4684410A}.Release|Any CPU.Build.0 = Release|Any CPU
		{375788D5-39E0-4845-992C-E27913938B98}.Debug|Any CPU.ActiveCfg = Debug|Any CPU
		{375788D5-39E0-4845-992C-E27913938B98}.Debug|Any CPU.Build.0 = Debug|Any CPU
		{375788D5-39E0-4845-992C-E27913938B98}.Release|Any CPU.ActiveCfg = Release|Any CPU
		{375788D5-39E0-4845-992C-E27913938B98}.Release|Any CPU.Build.0 = Release|Any CPU
		{A285C8E7-8930-41A5-9D7C-95C7C08C30E8}.Debug|Any CPU.ActiveCfg = Debug|Any CPU
		{A285C8E7-8930-41A5-9D7C-95C7C08C30E8}.Debug|Any CPU.Build.0 = Debug|Any CPU
		{A285C8E7-8930-41A5-9D7C-95C7C08C30E8}.Release|Any CPU.ActiveCfg = Release|Any CPU
		{A285C8E7-8930-41A5-9D7C-95C7C08C30E8}.Release|Any CPU.Build.0 = Release|Any CPU
		{E6EF53D2-6F2F-4806-9B70-3AC80BE86DE5}.Debug|Any CPU.ActiveCfg = Debug|Any CPU
		{E6EF53D2-6F2F-4806-9B70-3AC80BE86DE5}.Debug|Any CPU.Build.0 = Debug|Any CPU
		{E6EF53D2-6F2F-4806-9B70-3AC80BE86DE5}.Release|Any CPU.ActiveCfg = Release|Any CPU
		{E6EF53D2-6F2F-4806-9B70-3AC80BE86DE5}.Release|Any CPU.Build.0 = Release|Any CPU
		{F2D3B046-1BA4-4E77-86E2-C30090328DA2}.Debug|Any CPU.ActiveCfg = Debug|Any CPU
		{F2D3B046-1BA4-4E77-86E2-C30090328DA2}.Debug|Any CPU.Build.0 = Debug|Any CPU
		{F2D3B046-1BA4-4E77-86E2-C30090328DA2}.Release|Any CPU.ActiveCfg = Release|Any CPU
		{F2D3B046-1BA4-4E77-86E2-C30090328DA2}.Release|Any CPU.Build.0 = Release|Any CPU
		{0A73209A-5A57-448F-85AD-9B60B9716C12}.Debug|Any CPU.ActiveCfg = Debug|Any CPU
		{0A73209A-5A57-448F-85AD-9B60B9716C12}.Debug|Any CPU.Build.0 = Debug|Any CPU
		{0A73209A-5A57-448F-85AD-9B60B9716C12}.Release|Any CPU.ActiveCfg = Release|Any CPU
		{0A73209A-5A57-448F-85AD-9B60B9716C12}.Release|Any CPU.Build.0 = Release|Any CPU
		{6C9D0C4A-C8FD-4EA9-AC77-EAE761A50315}.Debug|Any CPU.ActiveCfg = Debug|Any CPU
		{6C9D0C4A-C8FD-4EA9-AC77-EAE761A50315}.Debug|Any CPU.Build.0 = Debug|Any CPU
		{6C9D0C4A-C8FD-4EA9-AC77-EAE761A50315}.Release|Any CPU.ActiveCfg = Release|Any CPU
		{6C9D0C4A-C8FD-4EA9-AC77-EAE761A50315}.Release|Any CPU.Build.0 = Release|Any CPU
		{92CBF6D3-6175-4CDD-B09E-1A2B8D146003}.Debug|Any CPU.ActiveCfg = Debug|Any CPU
		{92CBF6D3-6175-4CDD-B09E-1A2B8D146003}.Debug|Any CPU.Build.0 = Debug|Any CPU
		{92CBF6D3-6175-4CDD-B09E-1A2B8D146003}.Release|Any CPU.ActiveCfg = Release|Any CPU
		{92CBF6D3-6175-4CDD-B09E-1A2B8D146003}.Release|Any CPU.Build.0 = Release|Any CPU
		{D2F03C01-B51C-408E-AD9B-A974E77C649E}.Debug|Any CPU.ActiveCfg = Debug|Any CPU
		{D2F03C01-B51C-408E-AD9B-A974E77C649E}.Debug|Any CPU.Build.0 = Debug|Any CPU
		{D2F03C01-B51C-408E-AD9B-A974E77C649E}.Release|Any CPU.ActiveCfg = Release|Any CPU
		{D2F03C01-B51C-408E-AD9B-A974E77C649E}.Release|Any CPU.Build.0 = Release|Any CPU
		{428CF663-6302-4B43-A67D-6D8EEBD08B71}.Debug|Any CPU.ActiveCfg = Debug|Any CPU
		{428CF663-6302-4B43-A67D-6D8EEBD08B71}.Debug|Any CPU.Build.0 = Debug|Any CPU
		{428CF663-6302-4B43-A67D-6D8EEBD08B71}.Release|Any CPU.ActiveCfg = Release|Any CPU
		{428CF663-6302-4B43-A67D-6D8EEBD08B71}.Release|Any CPU.Build.0 = Release|Any CPU
		{E1C29AE2-DC6F-49C8-9D33-D6A7237EB496}.Debug|Any CPU.ActiveCfg = Debug|Any CPU
		{E1C29AE2-DC6F-49C8-9D33-D6A7237EB496}.Debug|Any CPU.Build.0 = Debug|Any CPU
		{E1C29AE2-DC6F-49C8-9D33-D6A7237EB496}.Release|Any CPU.ActiveCfg = Release|Any CPU
		{E1C29AE2-DC6F-49C8-9D33-D6A7237EB496}.Release|Any CPU.Build.0 = Release|Any CPU
		{F26E6558-B242-4101-B330-FD0E32FAD0BB}.Debug|Any CPU.ActiveCfg = Debug|Any CPU
		{F26E6558-B242-4101-B330-FD0E32FAD0BB}.Debug|Any CPU.Build.0 = Debug|Any CPU
		{F26E6558-B242-4101-B330-FD0E32FAD0BB}.Release|Any CPU.ActiveCfg = Release|Any CPU
		{F26E6558-B242-4101-B330-FD0E32FAD0BB}.Release|Any CPU.Build.0 = Release|Any CPU
		{59B16282-9711-4F81-842B-D50094A4C6D6}.Debug|Any CPU.ActiveCfg = Debug|Any CPU
		{59B16282-9711-4F81-842B-D50094A4C6D6}.Debug|Any CPU.Build.0 = Debug|Any CPU
		{59B16282-9711-4F81-842B-D50094A4C6D6}.Release|Any CPU.ActiveCfg = Release|Any CPU
		{59B16282-9711-4F81-842B-D50094A4C6D6}.Release|Any CPU.Build.0 = Release|Any CPU
		{C86B526C-E70D-4113-AB06-DCC62E1E9ADF}.Debug|Any CPU.ActiveCfg = Debug|Any CPU
		{C86B526C-E70D-4113-AB06-DCC62E1E9ADF}.Debug|Any CPU.Build.0 = Debug|Any CPU
		{C86B526C-E70D-4113-AB06-DCC62E1E9ADF}.Release|Any CPU.ActiveCfg = Release|Any CPU
		{C86B526C-E70D-4113-AB06-DCC62E1E9ADF}.Release|Any CPU.Build.0 = Release|Any CPU
		{D760A799-0F2E-47C3-A3DA-F298927C6E55}.Debug|Any CPU.ActiveCfg = Debug|Any CPU
		{D760A799-0F2E-47C3-A3DA-F298927C6E55}.Debug|Any CPU.Build.0 = Debug|Any CPU
		{D760A799-0F2E-47C3-A3DA-F298927C6E55}.Release|Any CPU.ActiveCfg = Release|Any CPU
		{D760A799-0F2E-47C3-A3DA-F298927C6E55}.Release|Any CPU.Build.0 = Release|Any CPU
		{8C60769B-2B79-4A40-891A-2B647D51E7F2}.Debug|Any CPU.ActiveCfg = Debug|Any CPU
		{8C60769B-2B79-4A40-891A-2B647D51E7F2}.Debug|Any CPU.Build.0 = Debug|Any CPU
		{8C60769B-2B79-4A40-891A-2B647D51E7F2}.Release|Any CPU.ActiveCfg = Release|Any CPU
		{8C60769B-2B79-4A40-891A-2B647D51E7F2}.Release|Any CPU.Build.0 = Release|Any CPU
		{F803515B-8899-4046-ADDB-A96B7BB24A6C}.Debug|Any CPU.ActiveCfg = Debug|Any CPU
		{F803515B-8899-4046-ADDB-A96B7BB24A6C}.Debug|Any CPU.Build.0 = Debug|Any CPU
		{F803515B-8899-4046-ADDB-A96B7BB24A6C}.Release|Any CPU.ActiveCfg = Release|Any CPU
		{F803515B-8899-4046-ADDB-A96B7BB24A6C}.Release|Any CPU.Build.0 = Release|Any CPU
		{67D7DC2F-EC29-491C-A9EC-A26994ACE223}.Debug|Any CPU.ActiveCfg = Debug|Any CPU
		{67D7DC2F-EC29-491C-A9EC-A26994ACE223}.Debug|Any CPU.Build.0 = Debug|Any CPU
		{67D7DC2F-EC29-491C-A9EC-A26994ACE223}.Release|Any CPU.ActiveCfg = Release|Any CPU
		{67D7DC2F-EC29-491C-A9EC-A26994ACE223}.Release|Any CPU.Build.0 = Release|Any CPU
		{B0A21F9B-9B19-4A6B-9DC7-8DFC3EF4C3BC}.Debug|Any CPU.ActiveCfg = Debug|Any CPU
		{B0A21F9B-9B19-4A6B-9DC7-8DFC3EF4C3BC}.Debug|Any CPU.Build.0 = Debug|Any CPU
		{B0A21F9B-9B19-4A6B-9DC7-8DFC3EF4C3BC}.Release|Any CPU.ActiveCfg = Release|Any CPU
		{B0A21F9B-9B19-4A6B-9DC7-8DFC3EF4C3BC}.Release|Any CPU.Build.0 = Release|Any CPU
		{73BABEE3-53CD-4261-B234-E27EE590BD0E}.Debug|Any CPU.ActiveCfg = Debug|Any CPU
		{73BABEE3-53CD-4261-B234-E27EE590BD0E}.Debug|Any CPU.Build.0 = Debug|Any CPU
		{73BABEE3-53CD-4261-B234-E27EE590BD0E}.Release|Any CPU.ActiveCfg = Release|Any CPU
		{73BABEE3-53CD-4261-B234-E27EE590BD0E}.Release|Any CPU.Build.0 = Release|Any CPU
		{6CC2998A-0B87-4093-8AD4-3F9A64132421}.Debug|Any CPU.ActiveCfg = Debug|Any CPU
		{6CC2998A-0B87-4093-8AD4-3F9A64132421}.Debug|Any CPU.Build.0 = Debug|Any CPU
		{6CC2998A-0B87-4093-8AD4-3F9A64132421}.Release|Any CPU.ActiveCfg = Release|Any CPU
		{6CC2998A-0B87-4093-8AD4-3F9A64132421}.Release|Any CPU.Build.0 = Release|Any CPU
		{25A1D030-7EDA-4A83-928D-96A3CD4EB69D}.Debug|Any CPU.ActiveCfg = Debug|Any CPU
		{25A1D030-7EDA-4A83-928D-96A3CD4EB69D}.Debug|Any CPU.Build.0 = Debug|Any CPU
		{25A1D030-7EDA-4A83-928D-96A3CD4EB69D}.Release|Any CPU.ActiveCfg = Release|Any CPU
		{25A1D030-7EDA-4A83-928D-96A3CD4EB69D}.Release|Any CPU.Build.0 = Release|Any CPU
		{CBEB15B6-4422-45F0-AEE1-3B01DF96E7BB}.Debug|Any CPU.ActiveCfg = Debug|Any CPU
		{CBEB15B6-4422-45F0-AEE1-3B01DF96E7BB}.Debug|Any CPU.Build.0 = Debug|Any CPU
		{CBEB15B6-4422-45F0-AEE1-3B01DF96E7BB}.Release|Any CPU.ActiveCfg = Release|Any CPU
		{CBEB15B6-4422-45F0-AEE1-3B01DF96E7BB}.Release|Any CPU.Build.0 = Release|Any CPU
		{FC19D45D-630C-4716-807B-F299268F4408}.Debug|Any CPU.ActiveCfg = Debug|Any CPU
		{FC19D45D-630C-4716-807B-F299268F4408}.Debug|Any CPU.Build.0 = Debug|Any CPU
		{FC19D45D-630C-4716-807B-F299268F4408}.Release|Any CPU.ActiveCfg = Release|Any CPU
		{FC19D45D-630C-4716-807B-F299268F4408}.Release|Any CPU.Build.0 = Release|Any CPU
		{58A1ED79-B0C0-496C-A934-069DDCF0FA80}.Debug|Any CPU.ActiveCfg = Debug|Any CPU
		{58A1ED79-B0C0-496C-A934-069DDCF0FA80}.Debug|Any CPU.Build.0 = Debug|Any CPU
		{58A1ED79-B0C0-496C-A934-069DDCF0FA80}.Release|Any CPU.ActiveCfg = Release|Any CPU
		{58A1ED79-B0C0-496C-A934-069DDCF0FA80}.Release|Any CPU.Build.0 = Release|Any CPU
		{4616CD82-893B-4C6F-9B9F-A1BD289098ED}.Debug|Any CPU.ActiveCfg = Debug|Any CPU
		{4616CD82-893B-4C6F-9B9F-A1BD289098ED}.Debug|Any CPU.Build.0 = Debug|Any CPU
		{4616CD82-893B-4C6F-9B9F-A1BD289098ED}.Release|Any CPU.ActiveCfg = Release|Any CPU
		{4616CD82-893B-4C6F-9B9F-A1BD289098ED}.Release|Any CPU.Build.0 = Release|Any CPU
		{A7976B8D-C64C-4FF4-9F47-417A3A4C7F5B}.Debug|Any CPU.ActiveCfg = Debug|Any CPU
		{A7976B8D-C64C-4FF4-9F47-417A3A4C7F5B}.Debug|Any CPU.Build.0 = Debug|Any CPU
		{A7976B8D-C64C-4FF4-9F47-417A3A4C7F5B}.Release|Any CPU.ActiveCfg = Release|Any CPU
		{A7976B8D-C64C-4FF4-9F47-417A3A4C7F5B}.Release|Any CPU.Build.0 = Release|Any CPU
		{20896BAD-7430-4A5B-A4A8-19E4800485B1}.Debug|Any CPU.ActiveCfg = Debug|Any CPU
		{20896BAD-7430-4A5B-A4A8-19E4800485B1}.Debug|Any CPU.Build.0 = Debug|Any CPU
		{20896BAD-7430-4A5B-A4A8-19E4800485B1}.Release|Any CPU.ActiveCfg = Release|Any CPU
		{20896BAD-7430-4A5B-A4A8-19E4800485B1}.Release|Any CPU.Build.0 = Release|Any CPU
		{75132EBF-A8A5-4A99-8934-C6FF37E38E25}.Debug|Any CPU.ActiveCfg = Debug|Any CPU
		{75132EBF-A8A5-4A99-8934-C6FF37E38E25}.Debug|Any CPU.Build.0 = Debug|Any CPU
		{75132EBF-A8A5-4A99-8934-C6FF37E38E25}.Release|Any CPU.ActiveCfg = Release|Any CPU
		{75132EBF-A8A5-4A99-8934-C6FF37E38E25}.Release|Any CPU.Build.0 = Release|Any CPU
		{2A803FEB-300E-43FD-8025-B0D0564745FA}.Debug|Any CPU.ActiveCfg = Debug|Any CPU
		{2A803FEB-300E-43FD-8025-B0D0564745FA}.Debug|Any CPU.Build.0 = Debug|Any CPU
		{2A803FEB-300E-43FD-8025-B0D0564745FA}.Release|Any CPU.ActiveCfg = Release|Any CPU
		{2A803FEB-300E-43FD-8025-B0D0564745FA}.Release|Any CPU.Build.0 = Release|Any CPU
		{807EBA4B-3012-4665-A90E-2876F5CAFD24}.Debug|Any CPU.ActiveCfg = Debug|Any CPU
		{807EBA4B-3012-4665-A90E-2876F5CAFD24}.Debug|Any CPU.Build.0 = Debug|Any CPU
		{807EBA4B-3012-4665-A90E-2876F5CAFD24}.Release|Any CPU.ActiveCfg = Release|Any CPU
		{807EBA4B-3012-4665-A90E-2876F5CAFD24}.Release|Any CPU.Build.0 = Release|Any CPU
		{E6B648BA-9263-4614-AD29-24897098F0B2}.Debug|Any CPU.ActiveCfg = Debug|Any CPU
		{E6B648BA-9263-4614-AD29-24897098F0B2}.Debug|Any CPU.Build.0 = Debug|Any CPU
		{E6B648BA-9263-4614-AD29-24897098F0B2}.Release|Any CPU.ActiveCfg = Release|Any CPU
		{E6B648BA-9263-4614-AD29-24897098F0B2}.Release|Any CPU.Build.0 = Release|Any CPU
		{38681554-08EB-4222-B26B-5C701A13DE50}.Debug|Any CPU.ActiveCfg = Debug|Any CPU
		{38681554-08EB-4222-B26B-5C701A13DE50}.Debug|Any CPU.Build.0 = Debug|Any CPU
		{38681554-08EB-4222-B26B-5C701A13DE50}.Release|Any CPU.ActiveCfg = Release|Any CPU
		{38681554-08EB-4222-B26B-5C701A13DE50}.Release|Any CPU.Build.0 = Release|Any CPU
		{8A34D7CF-732C-452B-9497-EA55AF716881}.Debug|Any CPU.ActiveCfg = Debug|Any CPU
		{8A34D7CF-732C-452B-9497-EA55AF716881}.Debug|Any CPU.Build.0 = Debug|Any CPU
		{8A34D7CF-732C-452B-9497-EA55AF716881}.Release|Any CPU.ActiveCfg = Release|Any CPU
		{8A34D7CF-732C-452B-9497-EA55AF716881}.Release|Any CPU.Build.0 = Release|Any CPU
		{19C76461-0B41-4843-88BF-E9E7FE8A1258}.Debug|Any CPU.ActiveCfg = Debug|Any CPU
		{19C76461-0B41-4843-88BF-E9E7FE8A1258}.Debug|Any CPU.Build.0 = Debug|Any CPU
		{19C76461-0B41-4843-88BF-E9E7FE8A1258}.Release|Any CPU.ActiveCfg = Release|Any CPU
		{19C76461-0B41-4843-88BF-E9E7FE8A1258}.Release|Any CPU.Build.0 = Release|Any CPU
		{E931B339-22ED-4530-9B17-53626E40C733}.Debug|Any CPU.ActiveCfg = Debug|Any CPU
		{E931B339-22ED-4530-9B17-53626E40C733}.Debug|Any CPU.Build.0 = Debug|Any CPU
		{E931B339-22ED-4530-9B17-53626E40C733}.Release|Any CPU.ActiveCfg = Release|Any CPU
		{E931B339-22ED-4530-9B17-53626E40C733}.Release|Any CPU.Build.0 = Release|Any CPU
		{39126B11-4929-4335-94BC-E7212B8DDDB6}.Debug|Any CPU.ActiveCfg = Debug|Any CPU
		{39126B11-4929-4335-94BC-E7212B8DDDB6}.Debug|Any CPU.Build.0 = Debug|Any CPU
		{39126B11-4929-4335-94BC-E7212B8DDDB6}.Release|Any CPU.ActiveCfg = Release|Any CPU
		{39126B11-4929-4335-94BC-E7212B8DDDB6}.Release|Any CPU.Build.0 = Release|Any CPU
		{2F08786B-F14F-46E3-BEB5-08543A6801A8}.Debug|Any CPU.ActiveCfg = Debug|Any CPU
		{2F08786B-F14F-46E3-BEB5-08543A6801A8}.Debug|Any CPU.Build.0 = Debug|Any CPU
		{2F08786B-F14F-46E3-BEB5-08543A6801A8}.Release|Any CPU.ActiveCfg = Release|Any CPU
		{2F08786B-F14F-46E3-BEB5-08543A6801A8}.Release|Any CPU.Build.0 = Release|Any CPU
		{6F247EB4-8C41-489B-B333-3E517CFB5FA7}.Debug|Any CPU.ActiveCfg = Debug|Any CPU
		{6F247EB4-8C41-489B-B333-3E517CFB5FA7}.Debug|Any CPU.Build.0 = Debug|Any CPU
		{6F247EB4-8C41-489B-B333-3E517CFB5FA7}.Release|Any CPU.ActiveCfg = Release|Any CPU
		{6F247EB4-8C41-489B-B333-3E517CFB5FA7}.Release|Any CPU.Build.0 = Release|Any CPU
		{9365DE70-F5FC-499B-AB4B-12D85CA57332}.Debug|Any CPU.ActiveCfg = Debug|Any CPU
		{9365DE70-F5FC-499B-AB4B-12D85CA57332}.Debug|Any CPU.Build.0 = Debug|Any CPU
		{9365DE70-F5FC-499B-AB4B-12D85CA57332}.Release|Any CPU.ActiveCfg = Release|Any CPU
		{9365DE70-F5FC-499B-AB4B-12D85CA57332}.Release|Any CPU.Build.0 = Release|Any CPU
		{F71D144E-D575-4B5E-B052-267A5897D303}.Debug|Any CPU.ActiveCfg = Debug|Any CPU
		{F71D144E-D575-4B5E-B052-267A5897D303}.Debug|Any CPU.Build.0 = Debug|Any CPU
		{F71D144E-D575-4B5E-B052-267A5897D303}.Release|Any CPU.ActiveCfg = Release|Any CPU
		{F71D144E-D575-4B5E-B052-267A5897D303}.Release|Any CPU.Build.0 = Release|Any CPU
		{8943805F-5601-42D4-94F5-1F6BF64942B6}.Debug|Any CPU.ActiveCfg = Debug|Any CPU
		{8943805F-5601-42D4-94F5-1F6BF64942B6}.Debug|Any CPU.Build.0 = Debug|Any CPU
		{8943805F-5601-42D4-94F5-1F6BF64942B6}.Release|Any CPU.ActiveCfg = Release|Any CPU
		{8943805F-5601-42D4-94F5-1F6BF64942B6}.Release|Any CPU.Build.0 = Release|Any CPU
		{0F976459-3750-4331-9A04-9C35CF48C4FB}.Debug|Any CPU.ActiveCfg = Debug|Any CPU
		{0F976459-3750-4331-9A04-9C35CF48C4FB}.Debug|Any CPU.Build.0 = Debug|Any CPU
		{0F976459-3750-4331-9A04-9C35CF48C4FB}.Release|Any CPU.ActiveCfg = Release|Any CPU
		{0F976459-3750-4331-9A04-9C35CF48C4FB}.Release|Any CPU.Build.0 = Release|Any CPU
		{CE2C214D-75B0-4489-828A-C7721D54D384}.Debug|Any CPU.ActiveCfg = Debug|Any CPU
		{CE2C214D-75B0-4489-828A-C7721D54D384}.Debug|Any CPU.Build.0 = Debug|Any CPU
		{CE2C214D-75B0-4489-828A-C7721D54D384}.Release|Any CPU.ActiveCfg = Release|Any CPU
		{CE2C214D-75B0-4489-828A-C7721D54D384}.Release|Any CPU.Build.0 = Release|Any CPU
		{C0C3E90B-292C-4647-B96D-ED5A3280CE12}.Debug|Any CPU.ActiveCfg = Debug|Any CPU
		{C0C3E90B-292C-4647-B96D-ED5A3280CE12}.Debug|Any CPU.Build.0 = Debug|Any CPU
		{C0C3E90B-292C-4647-B96D-ED5A3280CE12}.Release|Any CPU.ActiveCfg = Release|Any CPU
		{C0C3E90B-292C-4647-B96D-ED5A3280CE12}.Release|Any CPU.Build.0 = Release|Any CPU
		{1A71CDDF-1C2A-41B8-8F0A-FA2F4EBFF9C2}.Debug|Any CPU.ActiveCfg = Debug|Any CPU
		{1A71CDDF-1C2A-41B8-8F0A-FA2F4EBFF9C2}.Debug|Any CPU.Build.0 = Debug|Any CPU
		{1A71CDDF-1C2A-41B8-8F0A-FA2F4EBFF9C2}.Release|Any CPU.ActiveCfg = Release|Any CPU
		{1A71CDDF-1C2A-41B8-8F0A-FA2F4EBFF9C2}.Release|Any CPU.Build.0 = Release|Any CPU
		{956AE8B7-22CB-4393-8583-7A53B2234457}.Debug|Any CPU.ActiveCfg = Debug|Any CPU
		{956AE8B7-22CB-4393-8583-7A53B2234457}.Debug|Any CPU.Build.0 = Debug|Any CPU
		{956AE8B7-22CB-4393-8583-7A53B2234457}.Release|Any CPU.ActiveCfg = Release|Any CPU
		{956AE8B7-22CB-4393-8583-7A53B2234457}.Release|Any CPU.Build.0 = Release|Any CPU
		{7F98BE55-6C2B-4A36-8A75-1F6E5C111408}.Debug|Any CPU.ActiveCfg = Debug|Any CPU
		{7F98BE55-6C2B-4A36-8A75-1F6E5C111408}.Debug|Any CPU.Build.0 = Debug|Any CPU
		{7F98BE55-6C2B-4A36-8A75-1F6E5C111408}.Release|Any CPU.ActiveCfg = Release|Any CPU
		{7F98BE55-6C2B-4A36-8A75-1F6E5C111408}.Release|Any CPU.Build.0 = Release|Any CPU
		{61C3A4F1-F167-40F1-AC90-1092FAA90711}.Debug|Any CPU.ActiveCfg = Debug|Any CPU
		{61C3A4F1-F167-40F1-AC90-1092FAA90711}.Debug|Any CPU.Build.0 = Debug|Any CPU
		{61C3A4F1-F167-40F1-AC90-1092FAA90711}.Release|Any CPU.ActiveCfg = Release|Any CPU
		{61C3A4F1-F167-40F1-AC90-1092FAA90711}.Release|Any CPU.Build.0 = Release|Any CPU
		{D908A9A3-51F6-401D-ACB2-62A7C2D64F6E}.Debug|Any CPU.ActiveCfg = Debug|Any CPU
		{D908A9A3-51F6-401D-ACB2-62A7C2D64F6E}.Debug|Any CPU.Build.0 = Debug|Any CPU
		{D908A9A3-51F6-401D-ACB2-62A7C2D64F6E}.Release|Any CPU.ActiveCfg = Release|Any CPU
		{D908A9A3-51F6-401D-ACB2-62A7C2D64F6E}.Release|Any CPU.Build.0 = Release|Any CPU
		{4AD1A364-5E02-4AD0-A4C3-13CE946378A3}.Debug|Any CPU.ActiveCfg = Debug|Any CPU
		{4AD1A364-5E02-4AD0-A4C3-13CE946378A3}.Debug|Any CPU.Build.0 = Debug|Any CPU
		{4AD1A364-5E02-4AD0-A4C3-13CE946378A3}.Release|Any CPU.ActiveCfg = Release|Any CPU
		{4AD1A364-5E02-4AD0-A4C3-13CE946378A3}.Release|Any CPU.Build.0 = Release|Any CPU
		{3D7D2474-52F7-4B41-B4DF-F4EAA513B394}.Debug|Any CPU.ActiveCfg = Debug|Any CPU
		{3D7D2474-52F7-4B41-B4DF-F4EAA513B394}.Debug|Any CPU.Build.0 = Debug|Any CPU
		{3D7D2474-52F7-4B41-B4DF-F4EAA513B394}.Release|Any CPU.ActiveCfg = Release|Any CPU
		{3D7D2474-52F7-4B41-B4DF-F4EAA513B394}.Release|Any CPU.Build.0 = Release|Any CPU
		{23D07FA3-F5B1-4166-BA44-42259173681B}.Debug|Any CPU.ActiveCfg = Debug|Any CPU
		{23D07FA3-F5B1-4166-BA44-42259173681B}.Debug|Any CPU.Build.0 = Debug|Any CPU
		{23D07FA3-F5B1-4166-BA44-42259173681B}.Release|Any CPU.ActiveCfg = Release|Any CPU
		{23D07FA3-F5B1-4166-BA44-42259173681B}.Release|Any CPU.Build.0 = Release|Any CPU
		{340BF223-9A29-45FD-99A1-C33861FBC846}.Debug|Any CPU.ActiveCfg = Debug|Any CPU
		{340BF223-9A29-45FD-99A1-C33861FBC846}.Debug|Any CPU.Build.0 = Debug|Any CPU
		{340BF223-9A29-45FD-99A1-C33861FBC846}.Release|Any CPU.ActiveCfg = Release|Any CPU
		{340BF223-9A29-45FD-99A1-C33861FBC846}.Release|Any CPU.Build.0 = Release|Any CPU
		{937236D8-D306-4EE8-A38E-6A687481BA35}.Debug|Any CPU.ActiveCfg = Debug|Any CPU
		{937236D8-D306-4EE8-A38E-6A687481BA35}.Debug|Any CPU.Build.0 = Debug|Any CPU
		{937236D8-D306-4EE8-A38E-6A687481BA35}.Release|Any CPU.ActiveCfg = Release|Any CPU
		{937236D8-D306-4EE8-A38E-6A687481BA35}.Release|Any CPU.Build.0 = Release|Any CPU
		{2DCCE1D1-58EE-4BB3-8D53-8084E2C1D8C4}.Debug|Any CPU.ActiveCfg = Debug|Any CPU
		{2DCCE1D1-58EE-4BB3-8D53-8084E2C1D8C4}.Debug|Any CPU.Build.0 = Debug|Any CPU
		{2DCCE1D1-58EE-4BB3-8D53-8084E2C1D8C4}.Release|Any CPU.ActiveCfg = Release|Any CPU
		{2DCCE1D1-58EE-4BB3-8D53-8084E2C1D8C4}.Release|Any CPU.Build.0 = Release|Any CPU
		{B5346B2C-9951-4011-9A10-CC239C0C9FD5}.Debug|Any CPU.ActiveCfg = Debug|Any CPU
		{B5346B2C-9951-4011-9A10-CC239C0C9FD5}.Debug|Any CPU.Build.0 = Debug|Any CPU
		{B5346B2C-9951-4011-9A10-CC239C0C9FD5}.Release|Any CPU.ActiveCfg = Release|Any CPU
		{B5346B2C-9951-4011-9A10-CC239C0C9FD5}.Release|Any CPU.Build.0 = Release|Any CPU
		{2440864F-59F5-4A3F-849A-597889D22F7A}.Debug|Any CPU.ActiveCfg = Debug|Any CPU
		{2440864F-59F5-4A3F-849A-597889D22F7A}.Debug|Any CPU.Build.0 = Debug|Any CPU
		{2440864F-59F5-4A3F-849A-597889D22F7A}.Release|Any CPU.ActiveCfg = Release|Any CPU
		{2440864F-59F5-4A3F-849A-597889D22F7A}.Release|Any CPU.Build.0 = Release|Any CPU
		{174F4096-C364-40F8-B2D3-80883FA42519}.Debug|Any CPU.ActiveCfg = Debug|Any CPU
		{174F4096-C364-40F8-B2D3-80883FA42519}.Debug|Any CPU.Build.0 = Debug|Any CPU
		{174F4096-C364-40F8-B2D3-80883FA42519}.Release|Any CPU.ActiveCfg = Release|Any CPU
		{174F4096-C364-40F8-B2D3-80883FA42519}.Release|Any CPU.Build.0 = Release|Any CPU
		{38FF5FC0-ADDF-4BFE-B84A-6A7A78084F0D}.Debug|Any CPU.ActiveCfg = Debug|Any CPU
		{38FF5FC0-ADDF-4BFE-B84A-6A7A78084F0D}.Debug|Any CPU.Build.0 = Debug|Any CPU
		{38FF5FC0-ADDF-4BFE-B84A-6A7A78084F0D}.Release|Any CPU.ActiveCfg = Release|Any CPU
		{38FF5FC0-ADDF-4BFE-B84A-6A7A78084F0D}.Release|Any CPU.Build.0 = Release|Any CPU
		{36285FF7-0944-4330-8343-E0EA5935617E}.Debug|Any CPU.ActiveCfg = Debug|Any CPU
		{36285FF7-0944-4330-8343-E0EA5935617E}.Debug|Any CPU.Build.0 = Debug|Any CPU
		{36285FF7-0944-4330-8343-E0EA5935617E}.Release|Any CPU.ActiveCfg = Release|Any CPU
		{36285FF7-0944-4330-8343-E0EA5935617E}.Release|Any CPU.Build.0 = Release|Any CPU
		{1003F903-AAE1-41E8-B5E1-9644DA00C434}.Debug|Any CPU.ActiveCfg = Debug|Any CPU
		{1003F903-AAE1-41E8-B5E1-9644DA00C434}.Debug|Any CPU.Build.0 = Debug|Any CPU
		{1003F903-AAE1-41E8-B5E1-9644DA00C434}.Release|Any CPU.ActiveCfg = Release|Any CPU
		{1003F903-AAE1-41E8-B5E1-9644DA00C434}.Release|Any CPU.Build.0 = Release|Any CPU
	EndGlobalSection
	GlobalSection(SolutionProperties) = preSolution
		HideSolutionNode = FALSE
	EndGlobalSection
	GlobalSection(NestedProjects) = preSolution
		{9C2B3691-2F24-4A1C-96CB-E281A94FB5A5} = {62E83C7E-B29B-48A5-9D1E-E73EA7ECB564}
		{24730C3F-BA11-44CE-BF71-67268C37BD9A} = {EE2B4C65-3063-4FAE-99BC-A9CF00643A70}
		{11FF17CE-5E00-43CA-8A37-5FF5065F6B0F} = {EE2B4C65-3063-4FAE-99BC-A9CF00643A70}
		{315107D2-278C-4E9A-B907-76506B4E4660} = {EE2B4C65-3063-4FAE-99BC-A9CF00643A70}
		{20F1533A-8013-429F-9CEE-1664F99BBCAB} = {EE2B4C65-3063-4FAE-99BC-A9CF00643A70}
		{5825BBEA-FB85-4543-92C1-B7C2495001E6} = {EE2B4C65-3063-4FAE-99BC-A9CF00643A70}
		{0AEA4488-E8DB-40D8-8C39-902C73D086C7} = {EE2B4C65-3063-4FAE-99BC-A9CF00643A70}
		{99B9D3F7-5806-4EE8-A2F7-30BED76A41DB} = {EE2B4C65-3063-4FAE-99BC-A9CF00643A70}
		{8E04A169-8D48-4925-8FA9-17DE18EF6587} = {EE2B4C65-3063-4FAE-99BC-A9CF00643A70}
		{13E2A35E-7AA5-4153-B0A1-07B64E5211E7} = {EE2B4C65-3063-4FAE-99BC-A9CF00643A70}
		{8C87F984-868B-4C43-B57A-11020DD67671} = {EE2B4C65-3063-4FAE-99BC-A9CF00643A70}
		{8830E39E-B9D8-4D02-85CE-D6B859AB42D4} = {EE2B4C65-3063-4FAE-99BC-A9CF00643A70}
		{AFC80A74-2CAD-4D0F-8602-C8F294057774} = {EE2B4C65-3063-4FAE-99BC-A9CF00643A70}
		{11C857E2-8D3E-455B-98D7-AEE0CFA9C233} = {EE2B4C65-3063-4FAE-99BC-A9CF00643A70}
		{565B4248-0272-4B42-A81C-B6A2A76B1D0F} = {EE2B4C65-3063-4FAE-99BC-A9CF00643A70}
		{0F76996F-916F-4269-A1B8-6864C4A23D1E} = {65F038BB-91EF-42C4-B9D6-A4C63A1985AA}
		{60CDE6CD-7E7C-4019-AD3E-4A46E4B9CFB0} = {65F038BB-91EF-42C4-B9D6-A4C63A1985AA}
		{79ECCE42-7A53-4409-A22D-27B004FD1690} = {65F038BB-91EF-42C4-B9D6-A4C63A1985AA}
		{C9BD6D16-9E1A-4E20-AF96-D96554251C68} = {65F038BB-91EF-42C4-B9D6-A4C63A1985AA}
		{12A721B0-A6E8-424D-81F0-46EF7046689C} = {65F038BB-91EF-42C4-B9D6-A4C63A1985AA}
		{B620B069-1219-43C5-91EE-49D6CD8BD953} = {65F038BB-91EF-42C4-B9D6-A4C63A1985AA}
		{E01A6A7F-1B00-4F10-9EAF-59E5465E1C33} = {65F038BB-91EF-42C4-B9D6-A4C63A1985AA}
		{EA4FE2A5-59EB-46A7-A009-C20460506E74} = {65F038BB-91EF-42C4-B9D6-A4C63A1985AA}
		{3F14837F-7FFA-4C20-9D09-8729B29125ED} = {65F038BB-91EF-42C4-B9D6-A4C63A1985AA}
		{3A1CC9A6-0566-4B57-9D75-362C93C72417} = {65F038BB-91EF-42C4-B9D6-A4C63A1985AA}
		{7CF447F0-509F-4E32-BABD-5687A1510D1C} = {65F038BB-91EF-42C4-B9D6-A4C63A1985AA}
		{EBB49232-C411-42BF-B233-01C502B6D99D} = {65F038BB-91EF-42C4-B9D6-A4C63A1985AA}
		{597E1727-6960-4710-BAFB-FFAFC3F8EBEC} = {65F038BB-91EF-42C4-B9D6-A4C63A1985AA}
		{B40B55EE-139C-42CF-9779-ADCFE4734233} = {65F038BB-91EF-42C4-B9D6-A4C63A1985AA}
		{0D536BCA-B3AA-40A7-9F43-399B5086F536} = {65F038BB-91EF-42C4-B9D6-A4C63A1985AA}
		{49FA02C0-11E6-4AAA-8B8E-4351C3D6D2E5} = {65F038BB-91EF-42C4-B9D6-A4C63A1985AA}
		{F31D0B86-262B-4F01-89BF-5B979CFF0185} = {65F038BB-91EF-42C4-B9D6-A4C63A1985AA}
		{1C451739-C939-4EBA-BCFE-4E7F00C89D1E} = {65F038BB-91EF-42C4-B9D6-A4C63A1985AA}
		{D6E628BE-A73E-4837-9300-6A4625E01B58} = {65F038BB-91EF-42C4-B9D6-A4C63A1985AA}
		{D08925EE-DF41-4FBA-97C1-CA0518678E86} = {65F038BB-91EF-42C4-B9D6-A4C63A1985AA}
		{28AB2D93-1876-4490-B212-7BE8546A58D9} = {65F038BB-91EF-42C4-B9D6-A4C63A1985AA}
		{5F99E059-03E6-4E8A-AEE5-70F56157450D} = {65F038BB-91EF-42C4-B9D6-A4C63A1985AA}
		{796EA80D-C40F-4A55-902D-FA9FEB73D0E1} = {65F038BB-91EF-42C4-B9D6-A4C63A1985AA}
		{E6761B84-4790-48B4-B78D-107AC866B8D1} = {65F038BB-91EF-42C4-B9D6-A4C63A1985AA}
		{33EE67FB-E663-4CA0-A976-4E9D4684410A} = {65F038BB-91EF-42C4-B9D6-A4C63A1985AA}
		{375788D5-39E0-4845-992C-E27913938B98} = {65F038BB-91EF-42C4-B9D6-A4C63A1985AA}
		{A285C8E7-8930-41A5-9D7C-95C7C08C30E8} = {65F038BB-91EF-42C4-B9D6-A4C63A1985AA}
		{E6EF53D2-6F2F-4806-9B70-3AC80BE86DE5} = {25301B05-463C-4987-BB58-7129DE1CABBA}
		{F2D3B046-1BA4-4E77-86E2-C30090328DA2} = {25301B05-463C-4987-BB58-7129DE1CABBA}
		{0A73209A-5A57-448F-85AD-9B60B9716C12} = {25301B05-463C-4987-BB58-7129DE1CABBA}
		{6C9D0C4A-C8FD-4EA9-AC77-EAE761A50315} = {25301B05-463C-4987-BB58-7129DE1CABBA}
		{92CBF6D3-6175-4CDD-B09E-1A2B8D146003} = {25301B05-463C-4987-BB58-7129DE1CABBA}
		{D2F03C01-B51C-408E-AD9B-A974E77C649E} = {25301B05-463C-4987-BB58-7129DE1CABBA}
		{428CF663-6302-4B43-A67D-6D8EEBD08B71} = {25301B05-463C-4987-BB58-7129DE1CABBA}
		{E1C29AE2-DC6F-49C8-9D33-D6A7237EB496} = {25301B05-463C-4987-BB58-7129DE1CABBA}
		{F26E6558-B242-4101-B330-FD0E32FAD0BB} = {25301B05-463C-4987-BB58-7129DE1CABBA}
		{59B16282-9711-4F81-842B-D50094A4C6D6} = {25301B05-463C-4987-BB58-7129DE1CABBA}
		{C86B526C-E70D-4113-AB06-DCC62E1E9ADF} = {25301B05-463C-4987-BB58-7129DE1CABBA}
		{D760A799-0F2E-47C3-A3DA-F298927C6E55} = {25301B05-463C-4987-BB58-7129DE1CABBA}
		{8C60769B-2B79-4A40-891A-2B647D51E7F2} = {25301B05-463C-4987-BB58-7129DE1CABBA}
		{F803515B-8899-4046-ADDB-A96B7BB24A6C} = {1A0C893E-CE28-4E00-97DF-98497FD92647}
		{67D7DC2F-EC29-491C-A9EC-A26994ACE223} = {1A0C893E-CE28-4E00-97DF-98497FD92647}
		{B0A21F9B-9B19-4A6B-9DC7-8DFC3EF4C3BC} = {1A0C893E-CE28-4E00-97DF-98497FD92647}
		{73BABEE3-53CD-4261-B234-E27EE590BD0E} = {1A0C893E-CE28-4E00-97DF-98497FD92647}
		{6CC2998A-0B87-4093-8AD4-3F9A64132421} = {1A0C893E-CE28-4E00-97DF-98497FD92647}
		{25A1D030-7EDA-4A83-928D-96A3CD4EB69D} = {1A0C893E-CE28-4E00-97DF-98497FD92647}
		{CBEB15B6-4422-45F0-AEE1-3B01DF96E7BB} = {1A0C893E-CE28-4E00-97DF-98497FD92647}
		{FC19D45D-630C-4716-807B-F299268F4408} = {1A0C893E-CE28-4E00-97DF-98497FD92647}
		{58A1ED79-B0C0-496C-A934-069DDCF0FA80} = {1A0C893E-CE28-4E00-97DF-98497FD92647}
		{4616CD82-893B-4C6F-9B9F-A1BD289098ED} = {1A0C893E-CE28-4E00-97DF-98497FD92647}
		{A7976B8D-C64C-4FF4-9F47-417A3A4C7F5B} = {1A0C893E-CE28-4E00-97DF-98497FD92647}
		{20896BAD-7430-4A5B-A4A8-19E4800485B1} = {1A0C893E-CE28-4E00-97DF-98497FD92647}
		{75132EBF-A8A5-4A99-8934-C6FF37E38E25} = {1A0C893E-CE28-4E00-97DF-98497FD92647}
		{2A803FEB-300E-43FD-8025-B0D0564745FA} = {1A0C893E-CE28-4E00-97DF-98497FD92647}
		{807EBA4B-3012-4665-A90E-2876F5CAFD24} = {1A0C893E-CE28-4E00-97DF-98497FD92647}
		{E6B648BA-9263-4614-AD29-24897098F0B2} = {1A0C893E-CE28-4E00-97DF-98497FD92647}
		{38681554-08EB-4222-B26B-5C701A13DE50} = {1A0C893E-CE28-4E00-97DF-98497FD92647}
		{8A34D7CF-732C-452B-9497-EA55AF716881} = {1A0C893E-CE28-4E00-97DF-98497FD92647}
		{19C76461-0B41-4843-88BF-E9E7FE8A1258} = {1A0C893E-CE28-4E00-97DF-98497FD92647}
		{E931B339-22ED-4530-9B17-53626E40C733} = {1A0C893E-CE28-4E00-97DF-98497FD92647}
		{39126B11-4929-4335-94BC-E7212B8DDDB6} = {1A0C893E-CE28-4E00-97DF-98497FD92647}
		{2F08786B-F14F-46E3-BEB5-08543A6801A8} = {1A0C893E-CE28-4E00-97DF-98497FD92647}
		{6F247EB4-8C41-489B-B333-3E517CFB5FA7} = {1A0C893E-CE28-4E00-97DF-98497FD92647}
		{9365DE70-F5FC-499B-AB4B-12D85CA57332} = {1A0C893E-CE28-4E00-97DF-98497FD92647}
		{F71D144E-D575-4B5E-B052-267A5897D303} = {1A0C893E-CE28-4E00-97DF-98497FD92647}
		{8943805F-5601-42D4-94F5-1F6BF64942B6} = {1A0C893E-CE28-4E00-97DF-98497FD92647}
		{BBA7F920-2B6D-41B6-82E1-6AFDF43BB5DC} = {EE2B4C65-3063-4FAE-99BC-A9CF00643A70}
		{0F976459-3750-4331-9A04-9C35CF48C4FB} = {BBA7F920-2B6D-41B6-82E1-6AFDF43BB5DC}
		{CE2C214D-75B0-4489-828A-C7721D54D384} = {BBA7F920-2B6D-41B6-82E1-6AFDF43BB5DC}
		{C0C3E90B-292C-4647-B96D-ED5A3280CE12} = {BBA7F920-2B6D-41B6-82E1-6AFDF43BB5DC}
		{1A71CDDF-1C2A-41B8-8F0A-FA2F4EBFF9C2} = {BBA7F920-2B6D-41B6-82E1-6AFDF43BB5DC}
		{956AE8B7-22CB-4393-8583-7A53B2234457} = {BBA7F920-2B6D-41B6-82E1-6AFDF43BB5DC}
		{7F98BE55-6C2B-4A36-8A75-1F6E5C111408} = {BBA7F920-2B6D-41B6-82E1-6AFDF43BB5DC}
		{EC6383D1-44EA-481E-8796-754AFB37F9C3} = {65F038BB-91EF-42C4-B9D6-A4C63A1985AA}
		{61C3A4F1-F167-40F1-AC90-1092FAA90711} = {EC6383D1-44EA-481E-8796-754AFB37F9C3}
		{D908A9A3-51F6-401D-ACB2-62A7C2D64F6E} = {EC6383D1-44EA-481E-8796-754AFB37F9C3}
		{4AD1A364-5E02-4AD0-A4C3-13CE946378A3} = {EC6383D1-44EA-481E-8796-754AFB37F9C3}
		{3D7D2474-52F7-4B41-B4DF-F4EAA513B394} = {EC6383D1-44EA-481E-8796-754AFB37F9C3}
		{23D07FA3-F5B1-4166-BA44-42259173681B} = {EC6383D1-44EA-481E-8796-754AFB37F9C3}
		{64B4ADF5-D195-439B-92B0-99E11C0CF5EC} = {25301B05-463C-4987-BB58-7129DE1CABBA}
		{340BF223-9A29-45FD-99A1-C33861FBC846} = {64B4ADF5-D195-439B-92B0-99E11C0CF5EC}
		{937236D8-D306-4EE8-A38E-6A687481BA35} = {64B4ADF5-D195-439B-92B0-99E11C0CF5EC}
		{2DCCE1D1-58EE-4BB3-8D53-8084E2C1D8C4} = {64B4ADF5-D195-439B-92B0-99E11C0CF5EC}
		{B5346B2C-9951-4011-9A10-CC239C0C9FD5} = {64B4ADF5-D195-439B-92B0-99E11C0CF5EC}
		{2440864F-59F5-4A3F-849A-597889D22F7A} = {64B4ADF5-D195-439B-92B0-99E11C0CF5EC}
		{167EB7F5-07C7-4F38-B6EA-092743E08E6E} = {1A0C893E-CE28-4E00-97DF-98497FD92647}
		{174F4096-C364-40F8-B2D3-80883FA42519} = {167EB7F5-07C7-4F38-B6EA-092743E08E6E}
		{38FF5FC0-ADDF-4BFE-B84A-6A7A78084F0D} = {167EB7F5-07C7-4F38-B6EA-092743E08E6E}
		{36285FF7-0944-4330-8343-E0EA5935617E} = {167EB7F5-07C7-4F38-B6EA-092743E08E6E}
		{1003F903-AAE1-41E8-B5E1-9644DA00C434} = {167EB7F5-07C7-4F38-B6EA-092743E08E6E}
	EndGlobalSection
	GlobalSection(ExtensibilityGlobals) = postSolution
		SolutionGuid = {226A0706-CE1D-4470-8071-C4E72BE7B543}
	EndGlobalSection
EndGlobal
